// !$*UTF8*$!
{
	archiveVersion = 1;
	classes = {
	};
	objectVersion = 52;
	objects = {

/* Begin PBXBuildFile section */
		6C3ADCBA278B37A3000418EC /* AppDelegate.swift in Sources */ = {isa = PBXBuildFile; fileRef = 6C3ADCB9278B37A3000418EC /* AppDelegate.swift */; };
		6C3ADCBC278B37A3000418EC /* SceneDelegate.swift in Sources */ = {isa = PBXBuildFile; fileRef = 6C3ADCBB278B37A3000418EC /* SceneDelegate.swift */; };
		6C3ADCC1278B37A3000418EC /* Main.storyboard in Resources */ = {isa = PBXBuildFile; fileRef = 6C3ADCBF278B37A3000418EC /* Main.storyboard */; };
		6C3ADCC4278B37A3000418EC /* SpoknAlbumTask.xcdatamodeld in Sources */ = {isa = PBXBuildFile; fileRef = 6C3ADCC2278B37A3000418EC /* SpoknAlbumTask.xcdatamodeld */; };
		6C3ADCC6278B37A7000418EC /* Assets.xcassets in Resources */ = {isa = PBXBuildFile; fileRef = 6C3ADCC5278B37A7000418EC /* Assets.xcassets */; };
		6C3ADCC9278B37A7000418EC /* LaunchScreen.storyboard in Resources */ = {isa = PBXBuildFile; fileRef = 6C3ADCC7278B37A7000418EC /* LaunchScreen.storyboard */; };
		6C3ADCD4278B37A7000418EC /* SpoknAlbumTaskTests.swift in Sources */ = {isa = PBXBuildFile; fileRef = 6C3ADCD3278B37A7000418EC /* SpoknAlbumTaskTests.swift */; };
		6C3ADCDF278B37A7000418EC /* SpoknAlbumTaskUITests.swift in Sources */ = {isa = PBXBuildFile; fileRef = 6C3ADCDE278B37A7000418EC /* SpoknAlbumTaskUITests.swift */; };
		6C3ADCEE278B380D000418EC /* RxSwift in Frameworks */ = {isa = PBXBuildFile; productRef = 6C3ADCED278B380D000418EC /* RxSwift */; };
		6C3ADCF0278B380D000418EC /* RxTest in Frameworks */ = {isa = PBXBuildFile; productRef = 6C3ADCEF278B380D000418EC /* RxTest */; };
		6C3ADCF2278B380D000418EC /* RxRelay in Frameworks */ = {isa = PBXBuildFile; productRef = 6C3ADCF1278B380D000418EC /* RxRelay */; };
		6C3ADCF4278B380D000418EC /* RxCocoa in Frameworks */ = {isa = PBXBuildFile; productRef = 6C3ADCF3278B380D000418EC /* RxCocoa */; };
		6C3ADCF6278B380D000418EC /* RxBlocking in Frameworks */ = {isa = PBXBuildFile; productRef = 6C3ADCF5278B380D000418EC /* RxBlocking */; };
		6C3ADCF9278B394C000418EC /* ReactiveMoya in Frameworks */ = {isa = PBXBuildFile; productRef = 6C3ADCF8278B394C000418EC /* ReactiveMoya */; };
		6C3ADCFB278B394C000418EC /* CombineMoya in Frameworks */ = {isa = PBXBuildFile; productRef = 6C3ADCFA278B394C000418EC /* CombineMoya */; };
		6C3ADCFD278B394C000418EC /* RxMoya in Frameworks */ = {isa = PBXBuildFile; productRef = 6C3ADCFC278B394C000418EC /* RxMoya */; };
		6C3ADCFF278B394C000418EC /* Moya in Frameworks */ = {isa = PBXBuildFile; productRef = 6C3ADCFE278B394C000418EC /* Moya */; };
		6C3ADD04278B3A25000418EC /* Kingfisher in Frameworks */ = {isa = PBXBuildFile; productRef = 6C3ADD03278B3A25000418EC /* Kingfisher */; };
		6C3ADD0E278B3B62000418EC /* JsonConverter.swift in Sources */ = {isa = PBXBuildFile; fileRef = 6C3ADD0D278B3B62000418EC /* JsonConverter.swift */; };
		6C3ADD12278B3B8E000418EC /* ApiServices.swift in Sources */ = {isa = PBXBuildFile; fileRef = 6C3ADD11278B3B8E000418EC /* ApiServices.swift */; };
		6C3ADD14278B3BCD000418EC /* ApiServocesExtension.swift in Sources */ = {isa = PBXBuildFile; fileRef = 6C3ADD13278B3BCD000418EC /* ApiServocesExtension.swift */; };
		6C3ADD16278B3C1D000418EC /* ApiServicesProtocol.swift in Sources */ = {isa = PBXBuildFile; fileRef = 6C3ADD15278B3C1D000418EC /* ApiServicesProtocol.swift */; };
		6C3ADD18278B3C5D000418EC /* UserModel.swift in Sources */ = {isa = PBXBuildFile; fileRef = 6C3ADD17278B3C5D000418EC /* UserModel.swift */; };
		6C3ADD1A278B3C69000418EC /* AlbumModel.swift in Sources */ = {isa = PBXBuildFile; fileRef = 6C3ADD19278B3C69000418EC /* AlbumModel.swift */; };
		6C3ADD1C278B3C77000418EC /* AlbumImage.swift in Sources */ = {isa = PBXBuildFile; fileRef = 6C3ADD1B278B3C77000418EC /* AlbumImage.swift */; };
		6C3ADD1E278B3C86000418EC /* HomeUserModel.swift in Sources */ = {isa = PBXBuildFile; fileRef = 6C3ADD1D278B3C86000418EC /* HomeUserModel.swift */; };
		6C3ADD20278B3D6B000418EC /* NetworkManager.swift in Sources */ = {isa = PBXBuildFile; fileRef = 6C3ADD1F278B3D6B000418EC /* NetworkManager.swift */; };
		6C3ADD22278B3D9F000418EC /* HomeViewModel.swift in Sources */ = {isa = PBXBuildFile; fileRef = 6C3ADD21278B3D9F000418EC /* HomeViewModel.swift */; };
		6C3ADD24278B3DCB000418EC /* HomeViewController.swift in Sources */ = {isa = PBXBuildFile; fileRef = 6C3ADD23278B3DCB000418EC /* HomeViewController.swift */; };
		6C3ADD27278B3DF3000418EC /* HomeTableViewCell.swift in Sources */ = {isa = PBXBuildFile; fileRef = 6C3ADD26278B3DF3000418EC /* HomeTableViewCell.swift */; };
/* End PBXBuildFile section */

/* Begin PBXContainerItemProxy section */
		6C3ADCD0278B37A7000418EC /* PBXContainerItemProxy */ = {
			isa = PBXContainerItemProxy;
			containerPortal = 6C3ADCAE278B37A3000418EC /* Project object */;
			proxyType = 1;
			remoteGlobalIDString = 6C3ADCB5278B37A3000418EC;
			remoteInfo = SpoknAlbumTask;
		};
		6C3ADCDB278B37A7000418EC /* PBXContainerItemProxy */ = {
			isa = PBXContainerItemProxy;
			containerPortal = 6C3ADCAE278B37A3000418EC /* Project object */;
			proxyType = 1;
			remoteGlobalIDString = 6C3ADCB5278B37A3000418EC;
			remoteInfo = SpoknAlbumTask;
		};
/* End PBXContainerItemProxy section */

/* Begin PBXFileReference section */
		6C3ADCB6278B37A3000418EC /* SpoknAlbumTask.app */ = {isa = PBXFileReference; explicitFileType = wrapper.application; includeInIndex = 0; path = SpoknAlbumTask.app; sourceTree = BUILT_PRODUCTS_DIR; };
		6C3ADCB9278B37A3000418EC /* AppDelegate.swift */ = {isa = PBXFileReference; lastKnownFileType = sourcecode.swift; path = AppDelegate.swift; sourceTree = "<group>"; };
		6C3ADCBB278B37A3000418EC /* SceneDelegate.swift */ = {isa = PBXFileReference; lastKnownFileType = sourcecode.swift; path = SceneDelegate.swift; sourceTree = "<group>"; };
		6C3ADCC0278B37A3000418EC /* Base */ = {isa = PBXFileReference; lastKnownFileType = file.storyboard; name = Base; path = Base.lproj/Main.storyboard; sourceTree = "<group>"; };
		6C3ADCC3278B37A3000418EC /* SpoknAlbumTask.xcdatamodel */ = {isa = PBXFileReference; lastKnownFileType = wrapper.xcdatamodel; path = SpoknAlbumTask.xcdatamodel; sourceTree = "<group>"; };
		6C3ADCC5278B37A7000418EC /* Assets.xcassets */ = {isa = PBXFileReference; lastKnownFileType = folder.assetcatalog; path = Assets.xcassets; sourceTree = "<group>"; };
		6C3ADCC8278B37A7000418EC /* Base */ = {isa = PBXFileReference; lastKnownFileType = file.storyboard; name = Base; path = Base.lproj/LaunchScreen.storyboard; sourceTree = "<group>"; };
		6C3ADCCA278B37A7000418EC /* Info.plist */ = {isa = PBXFileReference; lastKnownFileType = text.plist.xml; path = Info.plist; sourceTree = "<group>"; };
		6C3ADCCF278B37A7000418EC /* SpoknAlbumTaskTests.xctest */ = {isa = PBXFileReference; explicitFileType = wrapper.cfbundle; includeInIndex = 0; path = SpoknAlbumTaskTests.xctest; sourceTree = BUILT_PRODUCTS_DIR; };
		6C3ADCD3278B37A7000418EC /* SpoknAlbumTaskTests.swift */ = {isa = PBXFileReference; lastKnownFileType = sourcecode.swift; path = SpoknAlbumTaskTests.swift; sourceTree = "<group>"; };
		6C3ADCD5278B37A7000418EC /* Info.plist */ = {isa = PBXFileReference; lastKnownFileType = text.plist.xml; path = Info.plist; sourceTree = "<group>"; };
		6C3ADCDA278B37A7000418EC /* SpoknAlbumTaskUITests.xctest */ = {isa = PBXFileReference; explicitFileType = wrapper.cfbundle; includeInIndex = 0; path = SpoknAlbumTaskUITests.xctest; sourceTree = BUILT_PRODUCTS_DIR; };
		6C3ADCDE278B37A7000418EC /* SpoknAlbumTaskUITests.swift */ = {isa = PBXFileReference; lastKnownFileType = sourcecode.swift; path = SpoknAlbumTaskUITests.swift; sourceTree = "<group>"; };
		6C3ADCE0278B37A7000418EC /* Info.plist */ = {isa = PBXFileReference; lastKnownFileType = text.plist.xml; path = Info.plist; sourceTree = "<group>"; };
		6C3ADD0D278B3B62000418EC /* JsonConverter.swift */ = {isa = PBXFileReference; lastKnownFileType = sourcecode.swift; path = JsonConverter.swift; sourceTree = "<group>"; };
		6C3ADD11278B3B8E000418EC /* ApiServices.swift */ = {isa = PBXFileReference; lastKnownFileType = sourcecode.swift; path = ApiServices.swift; sourceTree = "<group>"; };
		6C3ADD13278B3BCD000418EC /* ApiServocesExtension.swift */ = {isa = PBXFileReference; lastKnownFileType = sourcecode.swift; path = ApiServocesExtension.swift; sourceTree = "<group>"; };
		6C3ADD15278B3C1D000418EC /* ApiServicesProtocol.swift */ = {isa = PBXFileReference; lastKnownFileType = sourcecode.swift; path = ApiServicesProtocol.swift; sourceTree = "<group>"; };
		6C3ADD17278B3C5D000418EC /* UserModel.swift */ = {isa = PBXFileReference; lastKnownFileType = sourcecode.swift; path = UserModel.swift; sourceTree = "<group>"; };
		6C3ADD19278B3C69000418EC /* AlbumModel.swift */ = {isa = PBXFileReference; lastKnownFileType = sourcecode.swift; path = AlbumModel.swift; sourceTree = "<group>"; };
		6C3ADD1B278B3C77000418EC /* AlbumImage.swift */ = {isa = PBXFileReference; lastKnownFileType = sourcecode.swift; path = AlbumImage.swift; sourceTree = "<group>"; };
		6C3ADD1D278B3C86000418EC /* HomeUserModel.swift */ = {isa = PBXFileReference; lastKnownFileType = sourcecode.swift; path = HomeUserModel.swift; sourceTree = "<group>"; };
		6C3ADD1F278B3D6B000418EC /* NetworkManager.swift */ = {isa = PBXFileReference; lastKnownFileType = sourcecode.swift; path = NetworkManager.swift; sourceTree = "<group>"; };
		6C3ADD21278B3D9F000418EC /* HomeViewModel.swift */ = {isa = PBXFileReference; lastKnownFileType = sourcecode.swift; path = HomeViewModel.swift; sourceTree = "<group>"; };
		6C3ADD23278B3DCB000418EC /* HomeViewController.swift */ = {isa = PBXFileReference; lastKnownFileType = sourcecode.swift; path = HomeViewController.swift; sourceTree = "<group>"; };
		6C3ADD26278B3DF3000418EC /* HomeTableViewCell.swift */ = {isa = PBXFileReference; lastKnownFileType = sourcecode.swift; path = HomeTableViewCell.swift; sourceTree = "<group>"; };
/* End PBXFileReference section */

/* Begin PBXFrameworksBuildPhase section */
		6C3ADCB3278B37A3000418EC /* Frameworks */ = {
			isa = PBXFrameworksBuildPhase;
			buildActionMask = 2147483647;
			files = (
				6C3ADCFD278B394C000418EC /* RxMoya in Frameworks */,
				6C3ADCF4278B380D000418EC /* RxCocoa in Frameworks */,
				6C3ADCF9278B394C000418EC /* ReactiveMoya in Frameworks */,
				6C3ADCF2278B380D000418EC /* RxRelay in Frameworks */,
				6C3ADD04278B3A25000418EC /* Kingfisher in Frameworks */,
				6C3ADCFB278B394C000418EC /* CombineMoya in Frameworks */,
				6C3ADCFF278B394C000418EC /* Moya in Frameworks */,
				6C3ADCEE278B380D000418EC /* RxSwift in Frameworks */,
			);
			runOnlyForDeploymentPostprocessing = 0;
		};
		6C3ADCCC278B37A7000418EC /* Frameworks */ = {
			isa = PBXFrameworksBuildPhase;
			buildActionMask = 2147483647;
			files = (
				6C3ADCF0278B380D000418EC /* RxTest in Frameworks */,
				6C3ADCF6278B380D000418EC /* RxBlocking in Frameworks */,
			);
			runOnlyForDeploymentPostprocessing = 0;
		};
		6C3ADCD7278B37A7000418EC /* Frameworks */ = {
			isa = PBXFrameworksBuildPhase;
			buildActionMask = 2147483647;
			files = (
			);
			runOnlyForDeploymentPostprocessing = 0;
		};
/* End PBXFrameworksBuildPhase section */

/* Begin PBXGroup section */
		6C3ADCAD278B37A3000418EC = {
			isa = PBXGroup;
			children = (
				6C3ADCB8278B37A3000418EC /* SpoknAlbumTask */,
				6C3ADCD2278B37A7000418EC /* SpoknAlbumTaskTests */,
				6C3ADCDD278B37A7000418EC /* SpoknAlbumTaskUITests */,
				6C3ADCB7278B37A3000418EC /* Products */,
			);
			sourceTree = "<group>";
		};
		6C3ADCB7278B37A3000418EC /* Products */ = {
			isa = PBXGroup;
			children = (
				6C3ADCB6278B37A3000418EC /* SpoknAlbumTask.app */,
				6C3ADCCF278B37A7000418EC /* SpoknAlbumTaskTests.xctest */,
				6C3ADCDA278B37A7000418EC /* SpoknAlbumTaskUITests.xctest */,
			);
			name = Products;
			sourceTree = "<group>";
		};
		6C3ADCB8278B37A3000418EC /* SpoknAlbumTask */ = {
			isa = PBXGroup;
			children = (
				6C3ADD0A278B3A81000418EC /* Generics */,
				6C3ADD09278B3A7D000418EC /* ApiService */,
				6C3ADD06278B3A61000418EC /* NetworkLayer */,
				6C3ADD08278B3A67000418EC /* Model */,
				6C3ADD07278B3A64000418EC /* ViewModel */,
				6C3ADD05278B3A5E000418EC /* Modules */,
				6C3ADCB9278B37A3000418EC /* AppDelegate.swift */,
				6C3ADCBB278B37A3000418EC /* SceneDelegate.swift */,
				6C3ADCBF278B37A3000418EC /* Main.storyboard */,
				6C3ADCC5278B37A7000418EC /* Assets.xcassets */,
				6C3ADCC7278B37A7000418EC /* LaunchScreen.storyboard */,
				6C3ADCCA278B37A7000418EC /* Info.plist */,
				6C3ADCC2278B37A3000418EC /* SpoknAlbumTask.xcdatamodeld */,
			);
			path = SpoknAlbumTask;
			sourceTree = "<group>";
		};
		6C3ADCD2278B37A7000418EC /* SpoknAlbumTaskTests */ = {
			isa = PBXGroup;
			children = (
				6C3ADCD3278B37A7000418EC /* SpoknAlbumTaskTests.swift */,
				6C3ADCD5278B37A7000418EC /* Info.plist */,
			);
			path = SpoknAlbumTaskTests;
			sourceTree = "<group>";
		};
		6C3ADCDD278B37A7000418EC /* SpoknAlbumTaskUITests */ = {
			isa = PBXGroup;
			children = (
				6C3ADCDE278B37A7000418EC /* SpoknAlbumTaskUITests.swift */,
				6C3ADCE0278B37A7000418EC /* Info.plist */,
			);
			path = SpoknAlbumTaskUITests;
			sourceTree = "<group>";
		};
		6C3ADD05278B3A5E000418EC /* Modules */ = {
			isa = PBXGroup;
			children = (
				6C3ADD25278B3DD6000418EC /* Cells */,
				6C3ADD23278B3DCB000418EC /* HomeViewController.swift */,
			);
			path = Modules;
			sourceTree = "<group>";
		};
		6C3ADD06278B3A61000418EC /* NetworkLayer */ = {
			isa = PBXGroup;
			children = (
				6C3ADD1F278B3D6B000418EC /* NetworkManager.swift */,
			);
			path = NetworkLayer;
			sourceTree = "<group>";
		};
		6C3ADD07278B3A64000418EC /* ViewModel */ = {
			isa = PBXGroup;
			children = (
				6C3ADD21278B3D9F000418EC /* HomeViewModel.swift */,
			);
			path = ViewModel;
			sourceTree = "<group>";
		};
		6C3ADD08278B3A67000418EC /* Model */ = {
			isa = PBXGroup;
			children = (
				6C3ADD17278B3C5D000418EC /* UserModel.swift */,
				6C3ADD19278B3C69000418EC /* AlbumModel.swift */,
				6C3ADD1B278B3C77000418EC /* AlbumImage.swift */,
				6C3ADD1D278B3C86000418EC /* HomeUserModel.swift */,
			);
			path = Model;
			sourceTree = "<group>";
		};
		6C3ADD09278B3A7D000418EC /* ApiService */ = {
			isa = PBXGroup;
			children = (
				6C3ADD10278B3B78000418EC /* Protocol */,
				6C3ADD0F278B3B6F000418EC /* Extension */,
				6C3ADD11278B3B8E000418EC /* ApiServices.swift */,
			);
			path = ApiService;
			sourceTree = "<group>";
		};
		6C3ADD0A278B3A81000418EC /* Generics */ = {
			isa = PBXGroup;
			children = (
				6C3ADD0D278B3B62000418EC /* JsonConverter.swift */,
			);
			path = Generics;
			sourceTree = "<group>";
		};
		6C3ADD0F278B3B6F000418EC /* Extension */ = {
			isa = PBXGroup;
			children = (
				6C3ADD13278B3BCD000418EC /* ApiServocesExtension.swift */,
			);
			path = Extension;
			sourceTree = "<group>";
		};
		6C3ADD10278B3B78000418EC /* Protocol */ = {
			isa = PBXGroup;
			children = (
				6C3ADD15278B3C1D000418EC /* ApiServicesProtocol.swift */,
			);
			path = Protocol;
			sourceTree = "<group>";
		};
		6C3ADD25278B3DD6000418EC /* Cells */ = {
			isa = PBXGroup;
			children = (
				6C3ADD26278B3DF3000418EC /* HomeTableViewCell.swift */,
			);
			path = Cells;
			sourceTree = "<group>";
		};
/* End PBXGroup section */

/* Begin PBXNativeTarget section */
		6C3ADCB5278B37A3000418EC /* SpoknAlbumTask */ = {
			isa = PBXNativeTarget;
			buildConfigurationList = 6C3ADCE3278B37A7000418EC /* Build configuration list for PBXNativeTarget "SpoknAlbumTask" */;
			buildPhases = (
				6C3ADCB2278B37A3000418EC /* Sources */,
				6C3ADCB3278B37A3000418EC /* Frameworks */,
				6C3ADCB4278B37A3000418EC /* Resources */,
			);
			buildRules = (
			);
			dependencies = (
			);
			name = SpoknAlbumTask;
			packageProductDependencies = (
				6C3ADCED278B380D000418EC /* RxSwift */,
				6C3ADCF1278B380D000418EC /* RxRelay */,
				6C3ADCF3278B380D000418EC /* RxCocoa */,
				6C3ADCF8278B394C000418EC /* ReactiveMoya */,
				6C3ADCFA278B394C000418EC /* CombineMoya */,
				6C3ADCFC278B394C000418EC /* RxMoya */,
				6C3ADCFE278B394C000418EC /* Moya */,
				6C3ADD03278B3A25000418EC /* Kingfisher */,
			);
			productName = SpoknAlbumTask;
			productReference = 6C3ADCB6278B37A3000418EC /* SpoknAlbumTask.app */;
			productType = "com.apple.product-type.application";
		};
		6C3ADCCE278B37A7000418EC /* SpoknAlbumTaskTests */ = {
			isa = PBXNativeTarget;
			buildConfigurationList = 6C3ADCE6278B37A7000418EC /* Build configuration list for PBXNativeTarget "SpoknAlbumTaskTests" */;
			buildPhases = (
				6C3ADCCB278B37A7000418EC /* Sources */,
				6C3ADCCC278B37A7000418EC /* Frameworks */,
				6C3ADCCD278B37A7000418EC /* Resources */,
			);
			buildRules = (
			);
			dependencies = (
				6C3ADCD1278B37A7000418EC /* PBXTargetDependency */,
			);
			name = SpoknAlbumTaskTests;
			packageProductDependencies = (
				6C3ADCEF278B380D000418EC /* RxTest */,
				6C3ADCF5278B380D000418EC /* RxBlocking */,
			);
			productName = SpoknAlbumTaskTests;
			productReference = 6C3ADCCF278B37A7000418EC /* SpoknAlbumTaskTests.xctest */;
			productType = "com.apple.product-type.bundle.unit-test";
		};
		6C3ADCD9278B37A7000418EC /* SpoknAlbumTaskUITests */ = {
			isa = PBXNativeTarget;
			buildConfigurationList = 6C3ADCE9278B37A7000418EC /* Build configuration list for PBXNativeTarget "SpoknAlbumTaskUITests" */;
			buildPhases = (
				6C3ADCD6278B37A7000418EC /* Sources */,
				6C3ADCD7278B37A7000418EC /* Frameworks */,
				6C3ADCD8278B37A7000418EC /* Resources */,
			);
			buildRules = (
			);
			dependencies = (
				6C3ADCDC278B37A7000418EC /* PBXTargetDependency */,
			);
			name = SpoknAlbumTaskUITests;
			productName = SpoknAlbumTaskUITests;
			productReference = 6C3ADCDA278B37A7000418EC /* SpoknAlbumTaskUITests.xctest */;
			productType = "com.apple.product-type.bundle.ui-testing";
		};
/* End PBXNativeTarget section */

/* Begin PBXProject section */
		6C3ADCAE278B37A3000418EC /* Project object */ = {
			isa = PBXProject;
			attributes = {
				LastSwiftUpdateCheck = 1250;
				LastUpgradeCheck = 1250;
				TargetAttributes = {
					6C3ADCB5278B37A3000418EC = {
						CreatedOnToolsVersion = 12.5.1;
					};
					6C3ADCCE278B37A7000418EC = {
						CreatedOnToolsVersion = 12.5.1;
						TestTargetID = 6C3ADCB5278B37A3000418EC;
					};
					6C3ADCD9278B37A7000418EC = {
						CreatedOnToolsVersion = 12.5.1;
						TestTargetID = 6C3ADCB5278B37A3000418EC;
					};
				};
			};
			buildConfigurationList = 6C3ADCB1278B37A3000418EC /* Build configuration list for PBXProject "SpoknAlbumTask" */;
			compatibilityVersion = "Xcode 9.3";
			developmentRegion = en;
			hasScannedForEncodings = 0;
			knownRegions = (
				en,
				Base,
			);
			mainGroup = 6C3ADCAD278B37A3000418EC;
			packageReferences = (
				6C3ADCEC278B380D000418EC /* XCRemoteSwiftPackageReference "RxSwift" */,
				6C3ADCF7278B394C000418EC /* XCRemoteSwiftPackageReference "Moya" */,
				6C3ADD02278B3A25000418EC /* XCRemoteSwiftPackageReference "Kingfisher" */,
			);
			productRefGroup = 6C3ADCB7278B37A3000418EC /* Products */;
			projectDirPath = "";
			projectRoot = "";
			targets = (
				6C3ADCB5278B37A3000418EC /* SpoknAlbumTask */,
				6C3ADCCE278B37A7000418EC /* SpoknAlbumTaskTests */,
				6C3ADCD9278B37A7000418EC /* SpoknAlbumTaskUITests */,
			);
		};
/* End PBXProject section */

/* Begin PBXResourcesBuildPhase section */
		6C3ADCB4278B37A3000418EC /* Resources */ = {
			isa = PBXResourcesBuildPhase;
			buildActionMask = 2147483647;
			files = (
				6C3ADCC9278B37A7000418EC /* LaunchScreen.storyboard in Resources */,
				6C3ADCC6278B37A7000418EC /* Assets.xcassets in Resources */,
				6C3ADCC1278B37A3000418EC /* Main.storyboard in Resources */,
			);
			runOnlyForDeploymentPostprocessing = 0;
		};
		6C3ADCCD278B37A7000418EC /* Resources */ = {
			isa = PBXResourcesBuildPhase;
			buildActionMask = 2147483647;
			files = (
			);
			runOnlyForDeploymentPostprocessing = 0;
		};
		6C3ADCD8278B37A7000418EC /* Resources */ = {
			isa = PBXResourcesBuildPhase;
			buildActionMask = 2147483647;
			files = (
			);
			runOnlyForDeploymentPostprocessing = 0;
		};
/* End PBXResourcesBuildPhase section */

/* Begin PBXSourcesBuildPhase section */
		6C3ADCB2278B37A3000418EC /* Sources */ = {
			isa = PBXSourcesBuildPhase;
			buildActionMask = 2147483647;
			files = (
				6C3ADD12278B3B8E000418EC /* ApiServices.swift in Sources */,
				6C3ADD1A278B3C69000418EC /* AlbumModel.swift in Sources */,
				6C3ADD14278B3BCD000418EC /* ApiServocesExtension.swift in Sources */,
				6C3ADD20278B3D6B000418EC /* NetworkManager.swift in Sources */,
				6C3ADD1E278B3C86000418EC /* HomeUserModel.swift in Sources */,
				6C3ADD24278B3DCB000418EC /* HomeViewController.swift in Sources */,
				6C3ADD0E278B3B62000418EC /* JsonConverter.swift in Sources */,
				6C3ADD16278B3C1D000418EC /* ApiServicesProtocol.swift in Sources */,
				6C3ADCBA278B37A3000418EC /* AppDelegate.swift in Sources */,
				6C3ADD22278B3D9F000418EC /* HomeViewModel.swift in Sources */,
				6C3ADCC4278B37A3000418EC /* SpoknAlbumTask.xcdatamodeld in Sources */,
				6C3ADD1C278B3C77000418EC /* AlbumImage.swift in Sources */,
				6C3ADD18278B3C5D000418EC /* UserModel.swift in Sources */,
				6C3ADD27278B3DF3000418EC /* HomeTableViewCell.swift in Sources */,
				6C3ADCBC278B37A3000418EC /* SceneDelegate.swift in Sources */,
			);
			runOnlyForDeploymentPostprocessing = 0;
		};
		6C3ADCCB278B37A7000418EC /* Sources */ = {
			isa = PBXSourcesBuildPhase;
			buildActionMask = 2147483647;
			files = (
				6C3ADCD4278B37A7000418EC /* SpoknAlbumTaskTests.swift in Sources */,
			);
			runOnlyForDeploymentPostprocessing = 0;
		};
		6C3ADCD6278B37A7000418EC /* Sources */ = {
			isa = PBXSourcesBuildPhase;
			buildActionMask = 2147483647;
			files = (
				6C3ADCDF278B37A7000418EC /* SpoknAlbumTaskUITests.swift in Sources */,
			);
			runOnlyForDeploymentPostprocessing = 0;
		};
/* End PBXSourcesBuildPhase section */

/* Begin PBXTargetDependency section */
		6C3ADCD1278B37A7000418EC /* PBXTargetDependency */ = {
			isa = PBXTargetDependency;
			target = 6C3ADCB5278B37A3000418EC /* SpoknAlbumTask */;
			targetProxy = 6C3ADCD0278B37A7000418EC /* PBXContainerItemProxy */;
		};
		6C3ADCDC278B37A7000418EC /* PBXTargetDependency */ = {
			isa = PBXTargetDependency;
			target = 6C3ADCB5278B37A3000418EC /* SpoknAlbumTask */;
			targetProxy = 6C3ADCDB278B37A7000418EC /* PBXContainerItemProxy */;
		};
/* End PBXTargetDependency section */

/* Begin PBXVariantGroup section */
		6C3ADCBF278B37A3000418EC /* Main.storyboard */ = {
			isa = PBXVariantGroup;
			children = (
				6C3ADCC0278B37A3000418EC /* Base */,
			);
			name = Main.storyboard;
			sourceTree = "<group>";
		};
		6C3ADCC7278B37A7000418EC /* LaunchScreen.storyboard */ = {
			isa = PBXVariantGroup;
			children = (
				6C3ADCC8278B37A7000418EC /* Base */,
			);
			name = LaunchScreen.storyboard;
			sourceTree = "<group>";
		};
/* End PBXVariantGroup section */

/* Begin XCBuildConfiguration section */
		6C3ADCE1278B37A7000418EC /* Debug */ = {
			isa = XCBuildConfiguration;
			buildSettings = {
				ALWAYS_SEARCH_USER_PATHS = NO;
				CLANG_ANALYZER_NONNULL = YES;
				CLANG_ANALYZER_NUMBER_OBJECT_CONVERSION = YES_AGGRESSIVE;
				CLANG_CXX_LANGUAGE_STANDARD = "gnu++14";
				CLANG_CXX_LIBRARY = "libc++";
				CLANG_ENABLE_MODULES = YES;
				CLANG_ENABLE_OBJC_ARC = YES;
				CLANG_ENABLE_OBJC_WEAK = YES;
				CLANG_WARN_BLOCK_CAPTURE_AUTORELEASING = YES;
				CLANG_WARN_BOOL_CONVERSION = YES;
				CLANG_WARN_COMMA = YES;
				CLANG_WARN_CONSTANT_CONVERSION = YES;
				CLANG_WARN_DEPRECATED_OBJC_IMPLEMENTATIONS = YES;
				CLANG_WARN_DIRECT_OBJC_ISA_USAGE = YES_ERROR;
				CLANG_WARN_DOCUMENTATION_COMMENTS = YES;
				CLANG_WARN_EMPTY_BODY = YES;
				CLANG_WARN_ENUM_CONVERSION = YES;
				CLANG_WARN_INFINITE_RECURSION = YES;
				CLANG_WARN_INT_CONVERSION = YES;
				CLANG_WARN_NON_LITERAL_NULL_CONVERSION = YES;
				CLANG_WARN_OBJC_IMPLICIT_RETAIN_SELF = YES;
				CLANG_WARN_OBJC_LITERAL_CONVERSION = YES;
				CLANG_WARN_OBJC_ROOT_CLASS = YES_ERROR;
				CLANG_WARN_QUOTED_INCLUDE_IN_FRAMEWORK_HEADER = YES;
				CLANG_WARN_RANGE_LOOP_ANALYSIS = YES;
				CLANG_WARN_STRICT_PROTOTYPES = YES;
				CLANG_WARN_SUSPICIOUS_MOVE = YES;
				CLANG_WARN_UNGUARDED_AVAILABILITY = YES_AGGRESSIVE;
				CLANG_WARN_UNREACHABLE_CODE = YES;
				CLANG_WARN__DUPLICATE_METHOD_MATCH = YES;
				COPY_PHASE_STRIP = NO;
				DEBUG_INFORMATION_FORMAT = dwarf;
				ENABLE_STRICT_OBJC_MSGSEND = YES;
				ENABLE_TESTABILITY = YES;
				GCC_C_LANGUAGE_STANDARD = gnu11;
				GCC_DYNAMIC_NO_PIC = NO;
				GCC_NO_COMMON_BLOCKS = YES;
				GCC_OPTIMIZATION_LEVEL = 0;
				GCC_PREPROCESSOR_DEFINITIONS = (
					"DEBUG=1",
					"$(inherited)",
				);
				GCC_WARN_64_TO_32_BIT_CONVERSION = YES;
				GCC_WARN_ABOUT_RETURN_TYPE = YES_ERROR;
				GCC_WARN_UNDECLARED_SELECTOR = YES;
				GCC_WARN_UNINITIALIZED_AUTOS = YES_AGGRESSIVE;
				GCC_WARN_UNUSED_FUNCTION = YES;
				GCC_WARN_UNUSED_VARIABLE = YES;
				IPHONEOS_DEPLOYMENT_TARGET = 14.5;
				MTL_ENABLE_DEBUG_INFO = INCLUDE_SOURCE;
				MTL_FAST_MATH = YES;
				ONLY_ACTIVE_ARCH = YES;
				SDKROOT = iphoneos;
				SWIFT_ACTIVE_COMPILATION_CONDITIONS = DEBUG;
				SWIFT_OPTIMIZATION_LEVEL = "-Onone";
			};
			name = Debug;
		};
		6C3ADCE2278B37A7000418EC /* Release */ = {
			isa = XCBuildConfiguration;
			buildSettings = {
				ALWAYS_SEARCH_USER_PATHS = NO;
				CLANG_ANALYZER_NONNULL = YES;
				CLANG_ANALYZER_NUMBER_OBJECT_CONVERSION = YES_AGGRESSIVE;
				CLANG_CXX_LANGUAGE_STANDARD = "gnu++14";
				CLANG_CXX_LIBRARY = "libc++";
				CLANG_ENABLE_MODULES = YES;
				CLANG_ENABLE_OBJC_ARC = YES;
				CLANG_ENABLE_OBJC_WEAK = YES;
				CLANG_WARN_BLOCK_CAPTURE_AUTORELEASING = YES;
				CLANG_WARN_BOOL_CONVERSION = YES;
				CLANG_WARN_COMMA = YES;
				CLANG_WARN_CONSTANT_CONVERSION = YES;
				CLANG_WARN_DEPRECATED_OBJC_IMPLEMENTATIONS = YES;
				CLANG_WARN_DIRECT_OBJC_ISA_USAGE = YES_ERROR;
				CLANG_WARN_DOCUMENTATION_COMMENTS = YES;
				CLANG_WARN_EMPTY_BODY = YES;
				CLANG_WARN_ENUM_CONVERSION = YES;
				CLANG_WARN_INFINITE_RECURSION = YES;
				CLANG_WARN_INT_CONVERSION = YES;
				CLANG_WARN_NON_LITERAL_NULL_CONVERSION = YES;
				CLANG_WARN_OBJC_IMPLICIT_RETAIN_SELF = YES;
				CLANG_WARN_OBJC_LITERAL_CONVERSION = YES;
				CLANG_WARN_OBJC_ROOT_CLASS = YES_ERROR;
				CLANG_WARN_QUOTED_INCLUDE_IN_FRAMEWORK_HEADER = YES;
				CLANG_WARN_RANGE_LOOP_ANALYSIS = YES;
				CLANG_WARN_STRICT_PROTOTYPES = YES;
				CLANG_WARN_SUSPICIOUS_MOVE = YES;
				CLANG_WARN_UNGUARDED_AVAILABILITY = YES_AGGRESSIVE;
				CLANG_WARN_UNREACHABLE_CODE = YES;
				CLANG_WARN__DUPLICATE_METHOD_MATCH = YES;
				COPY_PHASE_STRIP = NO;
				DEBUG_INFORMATION_FORMAT = "dwarf-with-dsym";
				ENABLE_NS_ASSERTIONS = NO;
				ENABLE_STRICT_OBJC_MSGSEND = YES;
				GCC_C_LANGUAGE_STANDARD = gnu11;
				GCC_NO_COMMON_BLOCKS = YES;
				GCC_WARN_64_TO_32_BIT_CONVERSION = YES;
				GCC_WARN_ABOUT_RETURN_TYPE = YES_ERROR;
				GCC_WARN_UNDECLARED_SELECTOR = YES;
				GCC_WARN_UNINITIALIZED_AUTOS = YES_AGGRESSIVE;
				GCC_WARN_UNUSED_FUNCTION = YES;
				GCC_WARN_UNUSED_VARIABLE = YES;
				IPHONEOS_DEPLOYMENT_TARGET = 14.5;
				MTL_ENABLE_DEBUG_INFO = NO;
				MTL_FAST_MATH = YES;
				SDKROOT = iphoneos;
				SWIFT_COMPILATION_MODE = wholemodule;
				SWIFT_OPTIMIZATION_LEVEL = "-O";
				VALIDATE_PRODUCT = YES;
			};
			name = Release;
		};
		6C3ADCE4278B37A7000418EC /* Debug */ = {
			isa = XCBuildConfiguration;
			buildSettings = {
				ASSETCATALOG_COMPILER_APPICON_NAME = AppIcon;
				ASSETCATALOG_COMPILER_GLOBAL_ACCENT_COLOR_NAME = AccentColor;
				CODE_SIGN_STYLE = Automatic;
				INFOPLIST_FILE = SpoknAlbumTask/Info.plist;
				LD_RUNPATH_SEARCH_PATHS = (
					"$(inherited)",
					"@executable_path/Frameworks",
				);
				PRODUCT_BUNDLE_IDENTIFIER = com.optimalsoft.SpoknAlbumTask;
				PRODUCT_NAME = "$(TARGET_NAME)";
				SWIFT_VERSION = 5.0;
				TARGETED_DEVICE_FAMILY = "1,2";
			};
			name = Debug;
		};
		6C3ADCE5278B37A7000418EC /* Release */ = {
			isa = XCBuildConfiguration;
			buildSettings = {
				ASSETCATALOG_COMPILER_APPICON_NAME = AppIcon;
				ASSETCATALOG_COMPILER_GLOBAL_ACCENT_COLOR_NAME = AccentColor;
				CODE_SIGN_STYLE = Automatic;
				INFOPLIST_FILE = SpoknAlbumTask/Info.plist;
				LD_RUNPATH_SEARCH_PATHS = (
					"$(inherited)",
					"@executable_path/Frameworks",
				);
				PRODUCT_BUNDLE_IDENTIFIER = com.optimalsoft.SpoknAlbumTask;
				PRODUCT_NAME = "$(TARGET_NAME)";
				SWIFT_VERSION = 5.0;
				TARGETED_DEVICE_FAMILY = "1,2";
			};
			name = Release;
		};
		6C3ADCE7278B37A7000418EC /* Debug */ = {
			isa = XCBuildConfiguration;
			buildSettings = {
				ALWAYS_EMBED_SWIFT_STANDARD_LIBRARIES = YES;
				BUNDLE_LOADER = "$(TEST_HOST)";
				CODE_SIGN_STYLE = Automatic;
				INFOPLIST_FILE = SpoknAlbumTaskTests/Info.plist;
				IPHONEOS_DEPLOYMENT_TARGET = 14.5;
				LD_RUNPATH_SEARCH_PATHS = (
					"$(inherited)",
					"@executable_path/Frameworks",
					"@loader_path/Frameworks",
				);
				PRODUCT_BUNDLE_IDENTIFIER = com.optimalsoft.SpoknAlbumTaskTests;
				PRODUCT_NAME = "$(TARGET_NAME)";
				SWIFT_VERSION = 5.0;
				TARGETED_DEVICE_FAMILY = "1,2";
				TEST_HOST = "$(BUILT_PRODUCTS_DIR)/SpoknAlbumTask.app/SpoknAlbumTask";
			};
			name = Debug;
		};
		6C3ADCE8278B37A7000418EC /* Release */ = {
			isa = XCBuildConfiguration;
			buildSettings = {
				ALWAYS_EMBED_SWIFT_STANDARD_LIBRARIES = YES;
				BUNDLE_LOADER = "$(TEST_HOST)";
				CODE_SIGN_STYLE = Automatic;
				INFOPLIST_FILE = SpoknAlbumTaskTests/Info.plist;
				IPHONEOS_DEPLOYMENT_TARGET = 14.5;
				LD_RUNPATH_SEARCH_PATHS = (
					"$(inherited)",
					"@executable_path/Frameworks",
					"@loader_path/Frameworks",
				);
				PRODUCT_BUNDLE_IDENTIFIER = com.optimalsoft.SpoknAlbumTaskTests;
				PRODUCT_NAME = "$(TARGET_NAME)";
				SWIFT_VERSION = 5.0;
				TARGETED_DEVICE_FAMILY = "1,2";
				TEST_HOST = "$(BUILT_PRODUCTS_DIR)/SpoknAlbumTask.app/SpoknAlbumTask";
			};
			name = Release;
		};
		6C3ADCEA278B37A7000418EC /* Debug */ = {
			isa = XCBuildConfiguration;
			buildSettings = {
				ALWAYS_EMBED_SWIFT_STANDARD_LIBRARIES = YES;
				CODE_SIGN_STYLE = Automatic;
				INFOPLIST_FILE = SpoknAlbumTaskUITests/Info.plist;
				LD_RUNPATH_SEARCH_PATHS = (
					"$(inherited)",
					"@executable_path/Frameworks",
					"@loader_path/Frameworks",
				);
				PRODUCT_BUNDLE_IDENTIFIER = com.optimalsoft.SpoknAlbumTaskUITests;
				PRODUCT_NAME = "$(TARGET_NAME)";
				SWIFT_VERSION = 5.0;
				TARGETED_DEVICE_FAMILY = "1,2";
				TEST_TARGET_NAME = SpoknAlbumTask;
			};
			name = Debug;
		};
		6C3ADCEB278B37A7000418EC /* Release */ = {
			isa = XCBuildConfiguration;
			buildSettings = {
				ALWAYS_EMBED_SWIFT_STANDARD_LIBRARIES = YES;
				CODE_SIGN_STYLE = Automatic;
				INFOPLIST_FILE = SpoknAlbumTaskUITests/Info.plist;
				LD_RUNPATH_SEARCH_PATHS = (
					"$(inherited)",
					"@executable_path/Frameworks",
					"@loader_path/Frameworks",
				);
				PRODUCT_BUNDLE_IDENTIFIER = com.optimalsoft.SpoknAlbumTaskUITests;
				PRODUCT_NAME = "$(TARGET_NAME)";
				SWIFT_VERSION = 5.0;
				TARGETED_DEVICE_FAMILY = "1,2";
				TEST_TARGET_NAME = SpoknAlbumTask;
			};
			name = Release;
		};
/* End XCBuildConfiguration section */

/* Begin XCConfigurationList section */
		6C3ADCB1278B37A3000418EC /* Build configuration list for PBXProject "SpoknAlbumTask" */ = {
			isa = XCConfigurationList;
			buildConfigurations = (
				6C3ADCE1278B37A7000418EC /* Debug */,
				6C3ADCE2278B37A7000418EC /* Release */,
			);
			defaultConfigurationIsVisible = 0;
			defaultConfigurationName = Release;
		};
		6C3ADCE3278B37A7000418EC /* Build configuration list for PBXNativeTarget "SpoknAlbumTask" */ = {
			isa = XCConfigurationList;
			buildConfigurations = (
				6C3ADCE4278B37A7000418EC /* Debug */,
				6C3ADCE5278B37A7000418EC /* Release */,
			);
			defaultConfigurationIsVisible = 0;
			defaultConfigurationName = Release;
		};
		6C3ADCE6278B37A7000418EC /* Build configuration list for PBXNativeTarget "SpoknAlbumTaskTests" */ = {
			isa = XCConfigurationList;
			buildConfigurations = (
				6C3ADCE7278B37A7000418EC /* Debug */,
				6C3ADCE8278B37A7000418EC /* Release */,
			);
			defaultConfigurationIsVisible = 0;
			defaultConfigurationName = Release;
		};
		6C3ADCE9278B37A7000418EC /* Build configuration list for PBXNativeTarget "SpoknAlbumTaskUITests" */ = {
			isa = XCConfigurationList;
			buildConfigurations = (
				6C3ADCEA278B37A7000418EC /* Debug */,
				6C3ADCEB278B37A7000418EC /* Release */,
			);
			defaultConfigurationIsVisible = 0;
			defaultConfigurationName = Release;
		};
/* End XCConfigurationList section */

/* Begin XCRemoteSwiftPackageReference section */
		6C3ADCEC278B380D000418EC /* XCRemoteSwiftPackageReference "RxSwift" */ = {
			isa = XCRemoteSwiftPackageReference;
			repositoryURL = "https://github.com/ReactiveX/RxSwift";
			requirement = {
				kind = upToNextMajorVersion;
				minimumVersion = 6.2.0;
			};
		};
		6C3ADCF7278B394C000418EC /* XCRemoteSwiftPackageReference "Moya" */ = {
			isa = XCRemoteSwiftPackageReference;
			repositoryURL = "https://github.com/Moya/Moya";
			requirement = {
				kind = upToNextMajorVersion;
				minimumVersion = 15.0.0;
			};
		};
		6C3ADD02278B3A25000418EC /* XCRemoteSwiftPackageReference "Kingfisher" */ = {
			isa = XCRemoteSwiftPackageReference;
			repositoryURL = "https://github.com/onevcat/Kingfisher";
			requirement = {
				kind = upToNextMajorVersion;
				minimumVersion = 7.1.2;
			};
		};
/* End XCRemoteSwiftPackageReference section */

/* Begin XCSwiftPackageProductDependency section */
		6C3ADCED278B380D000418EC /* RxSwift */ = {
			isa = XCSwiftPackageProductDependency;
			package = 6C3ADCEC278B380D000418EC /* XCRemoteSwiftPackageReference "RxSwift" */;
			productName = RxSwift;
		};
		6C3ADCEF278B380D000418EC /* RxTest */ = {
			isa = XCSwiftPackageProductDependency;
			package = 6C3ADCEC278B380D000418EC /* XCRemoteSwiftPackageReference "RxSwift" */;
			productName = RxTest;
		};
		6C3ADCF1278B380D000418EC /* RxRelay */ = {
			isa = XCSwiftPackageProductDependency;
			package = 6C3ADCEC278B380D000418EC /* XCRemoteSwiftPackageReference "RxSwift" */;
			productName = RxRelay;
		};
		6C3ADCF3278B380D000418EC /* RxCocoa */ = {
			isa = XCSwiftPackageProductDependency;
			package = 6C3ADCEC278B380D000418EC /* XCRemoteSwiftPackageReference "RxSwift" */;
			productName = RxCocoa;
		};
		6C3ADCF5278B380D000418EC /* RxBlocking */ = {
			isa = XCSwiftPackageProductDependency;
			package = 6C3ADCEC278B380D000418EC /* XCRemoteSwiftPackageReference "RxSwift" */;
			productName = RxBlocking;
		};
		6C3ADCF8278B394C000418EC /* ReactiveMoya */ = {
			isa = XCSwiftPackageProductDependency;
			package = 6C3ADCF7278B394C000418EC /* XCRemoteSwiftPackageReference "Moya" */;
			productName = ReactiveMoya;
		};
		6C3ADCFA278B394C000418EC /* CombineMoya */ = {
			isa = XCSwiftPackageProductDependency;
			package = 6C3ADCF7278B394C000418EC /* XCRemoteSwiftPackageReference "Moya" */;
			productName = CombineMoya;
		};
		6C3ADCFC278B394C000418EC /* RxMoya */ = {
			isa = XCSwiftPackageProductDependency;
			package = 6C3ADCF7278B394C000418EC /* XCRemoteSwiftPackageReference "Moya" */;
			productName = RxMoya;
		};
		6C3ADCFE278B394C000418EC /* Moya */ = {
			isa = XCSwiftPackageProductDependency;
			package = 6C3ADCF7278B394C000418EC /* XCRemoteSwiftPackageReference "Moya" */;
			productName = Moya;
		};
		6C3ADD03278B3A25000418EC /* Kingfisher */ = {
			isa = XCSwiftPackageProductDependency;
			package = 6C3ADD02278B3A25000418EC /* XCRemoteSwiftPackageReference "Kingfisher" */;
			productName = Kingfisher;
		};
/* End XCSwiftPackageProductDependency section */

/* Begin XCVersionGroup section */
		6C3ADCC2278B37A3000418EC /* SpoknAlbumTask.xcdatamodeld */ = {
			isa = XCVersionGroup;
			children = (
				6C3ADCC3278B37A3000418EC /* SpoknAlbumTask.xcdatamodel */,
			);
			currentVersion = 6C3ADCC3278B37A3000418EC /* SpoknAlbumTask.xcdatamodel */;
			path = SpoknAlbumTask.xcdatamodeld;
			sourceTree = "<group>";
			versionGroupType = wrapper.xcdatamodel;
		};
/* End XCVersionGroup section */
	};
	rootObject = 6C3ADCAE278B37A3000418EC /* Project object */;
}
