// !$*UTF8*$!
{
	archiveVersion = 1;
	classes = {
	};
	objectVersion = 52;
	objects = {

/* Begin PBXBuildFile section */
		6C3ADCBA278B37A3000418EC /* AppDelegate.swift in Sources */ = {isa = PBXBuildFile; fileRef = 6C3ADCB9278B37A3000418EC /* AppDelegate.swift */; };
		6C3ADCBC278B37A3000418EC /* SceneDelegate.swift in Sources */ = {isa = PBXBuildFile; fileRef = 6C3ADCBB278B37A3000418EC /* SceneDelegate.swift */; };
		6C3ADCC1278B37A3000418EC /* Main.storyboard in Resources */ = {isa = PBXBuildFile; fileRef = 6C3ADCBF278B37A3000418EC /* Main.storyboard */; };
		6C3ADCC4278B37A3000418EC /* SpoknAlbumTask.xcdatamodeld in Sources */ = {isa = PBXBuildFile; fileRef = 6C3ADCC2278B37A3000418EC /* SpoknAlbumTask.xcdatamodeld */; };
		6C3ADCC6278B37A7000418EC /* Assets.xcassets in Resources */ = {isa = PBXBuildFile; fileRef = 6C3ADCC5278B37A7000418EC /* Assets.xcassets */; };
		6C3ADCC9278B37A7000418EC /* LaunchScreen.storyboard in Resources */ = {isa = PBXBuildFile; fileRef = 6C3ADCC7278B37A7000418EC /* LaunchScreen.storyboard */; };
		6C3ADCD4278B37A7000418EC /* SpoknAlbumTaskTests.swift in Sources */ = {isa = PBXBuildFile; fileRef = 6C3ADCD3278B37A7000418EC /* SpoknAlbumTaskTests.swift */; };
		6C3ADCDF278B37A7000418EC /* SpoknAlbumTaskUITests.swift in Sources */ = {isa = PBXBuildFile; fileRef = 6C3ADCDE278B37A7000418EC /* SpoknAlbumTaskUITests.swift */; };
		6C3ADCEE278B380D000418EC /* RxSwift in Frameworks */ = {isa = PBXBuildFile; productRef = 6C3ADCED278B380D000418EC /* RxSwift */; };
		6C3ADCF0278B380D000418EC /* RxTest in Frameworks */ = {isa = PBXBuildFile; productRef = 6C3ADCEF278B380D000418EC /* RxTest */; };
		6C3ADCF2278B380D000418EC /* RxRelay in Frameworks */ = {isa = PBXBuildFile; productRef = 6C3ADCF1278B380D000418EC /* RxRelay */; };
		6C3ADCF4278B380D000418EC /* RxCocoa in Frameworks */ = {isa = PBXBuildFile; productRef = 6C3ADCF3278B380D000418EC /* RxCocoa */; };
		6C3ADCF9278B394C000418EC /* ReactiveMoya in Frameworks */ = {isa = PBXBuildFile; productRef = 6C3ADCF8278B394C000418EC /* ReactiveMoya */; };
		6C3ADCFB278B394C000418EC /* CombineMoya in Frameworks */ = {isa = PBXBuildFile; productRef = 6C3ADCFA278B394C000418EC /* CombineMoya */; };
		6C3ADCFD278B394C000418EC /* RxMoya in Frameworks */ = {isa = PBXBuildFile; productRef = 6C3ADCFC278B394C000418EC /* RxMoya */; };
		6C3ADCFF278B394C000418EC /* Moya in Frameworks */ = {isa = PBXBuildFile; productRef = 6C3ADCFE278B394C000418EC /* Moya */; };
		6C3ADD04278B3A25000418EC /* Kingfisher in Frameworks */ = {isa = PBXBuildFile; productRef = 6C3ADD03278B3A25000418EC /* Kingfisher */; };
		6C3ADD0E278B3B62000418EC /* JsonConverter.swift in Sources */ = {isa = PBXBuildFile; fileRef = 6C3ADD0D278B3B62000418EC /* JsonConverter.swift */; };
		6C3ADD12278B3B8E000418EC /* ApiServices.swift in Sources */ = {isa = PBXBuildFile; fileRef = 6C3ADD11278B3B8E000418EC /* ApiServices.swift */; };
		6C3ADD14278B3BCD000418EC /* ApiServicesExtension.swift in Sources */ = {isa = PBXBuildFile; fileRef = 6C3ADD13278B3BCD000418EC /* ApiServicesExtension.swift */; };
		6C3ADD16278B3C1D000418EC /* ApiServicesProtocol.swift in Sources */ = {isa = PBXBuildFile; fileRef = 6C3ADD15278B3C1D000418EC /* ApiServicesProtocol.swift */; };
		6C3ADD18278B3C5D000418EC /* UserModel.swift in Sources */ = {isa = PBXBuildFile; fileRef = 6C3ADD17278B3C5D000418EC /* UserModel.swift */; };
		6C3ADD1A278B3C69000418EC /* AlbumModel.swift in Sources */ = {isa = PBXBuildFile; fileRef = 6C3ADD19278B3C69000418EC /* AlbumModel.swift */; };
		6C3ADD1C278B3C77000418EC /* AlbumImage.swift in Sources */ = {isa = PBXBuildFile; fileRef = 6C3ADD1B278B3C77000418EC /* AlbumImage.swift */; };
		6C3ADD1E278B3C86000418EC /* ProfileModel.swift in Sources */ = {isa = PBXBuildFile; fileRef = 6C3ADD1D278B3C86000418EC /* ProfileModel.swift */; };
		6C3ADD20278B3D6B000418EC /* NetworkManager.swift in Sources */ = {isa = PBXBuildFile; fileRef = 6C3ADD1F278B3D6B000418EC /* NetworkManager.swift */; };
		6C3ADD22278B3D9F000418EC /* ProfileViewModel.swift in Sources */ = {isa = PBXBuildFile; fileRef = 6C3ADD21278B3D9F000418EC /* ProfileViewModel.swift */; };
		6C3ADD24278B3DCB000418EC /* ProfileViewController.swift in Sources */ = {isa = PBXBuildFile; fileRef = 6C3ADD23278B3DCB000418EC /* ProfileViewController.swift */; };
		6C3ADD27278B3DF3000418EC /* AlbumTableViewCell.swift in Sources */ = {isa = PBXBuildFile; fileRef = 6C3ADD26278B3DF3000418EC /* AlbumTableViewCell.swift */; };
		6C3ADD2B278B5B5E000418EC /* AlbumImageCollectionViewCell.swift in Sources */ = {isa = PBXBuildFile; fileRef = 6C3ADD2A278B5B5E000418EC /* AlbumImageCollectionViewCell.swift */; };
		6C3ADD2D278B5C63000418EC /* AlbumImageViewController.swift in Sources */ = {isa = PBXBuildFile; fileRef = 6C3ADD2C278B5C63000418EC /* AlbumImageViewController.swift */; };
		6C3ADD2F278B5CBD000418EC /* AlbumImageViewModel.swift in Sources */ = {isa = PBXBuildFile; fileRef = 6C3ADD2E278B5CBD000418EC /* AlbumImageViewModel.swift */; };
		6C886CA5278E17CD00FEAA72 /* ImageViewerViewController.swift in Sources */ = {isa = PBXBuildFile; fileRef = 6C886CA4278E17CD00FEAA72 /* ImageViewerViewController.swift */; };
		6C886CA7278E21F300FEAA72 /* ExtensionImageViewerViewController.swift in Sources */ = {isa = PBXBuildFile; fileRef = 6C886CA6278E21F300FEAA72 /* ExtensionImageViewerViewController.swift */; };
		6C886CAA278E286100FEAA72 /* SkeletonView in Frameworks */ = {isa = PBXBuildFile; productRef = 6C886CA9278E286100FEAA72 /* SkeletonView */; };
		6C886CAC278EF01800FEAA72 /* ExtensioProfileViewController.swift in Sources */ = {isa = PBXBuildFile; fileRef = 6C886CAB278EF01800FEAA72 /* ExtensioProfileViewController.swift */; };
		6C886CAE278EF31000FEAA72 /* SkeltonAppearence.swift in Sources */ = {isa = PBXBuildFile; fileRef = 6C886CAD278EF31000FEAA72 /* SkeltonAppearence.swift */; };
		6C886CB0278F42B600FEAA72 /* AlbumImageViewModelTests.swift in Sources */ = {isa = PBXBuildFile; fileRef = 6C886CAF278F42B600FEAA72 /* AlbumImageViewModelTests.swift */; };
		6C886CCA278F5F4F00FEAA72 /* CustomError.swift in Sources */ = {isa = PBXBuildFile; fileRef = 6C886CC9278F5F4F00FEAA72 /* CustomError.swift */; };
		6C886CCD2790122300FEAA72 /* AlertManager.swift in Sources */ = {isa = PBXBuildFile; fileRef = 6C886CCC2790122300FEAA72 /* AlertManager.swift */; };
		6CC5AC99278CBA6800CC778E /* ExtensionAlbumViewController.swift in Sources */ = {isa = PBXBuildFile; fileRef = 6CC5AC98278CBA6800CC778E /* ExtensionAlbumViewController.swift */; };
		6CC5AC9E278D72BE00CC778E /* Users.json in Resources */ = {isa = PBXBuildFile; fileRef = 6CC5AC9D278D72BE00CC778E /* Users.json */; };
		6CC5ACA0278D730800CC778E /* Albums.json in Resources */ = {isa = PBXBuildFile; fileRef = 6CC5AC9F278D730800CC778E /* Albums.json */; };
		6CC5ACA2278D732300CC778E /* Images.json in Resources */ = {isa = PBXBuildFile; fileRef = 6CC5ACA1278D732300CC778E /* Images.json */; };
		6CC5ACA5278D752700CC778E /* MockingNetworkManager.swift in Sources */ = {isa = PBXBuildFile; fileRef = 6CC5ACA4278D752700CC778E /* MockingNetworkManager.swift */; };
		6CC5ACAC278D778D00CC778E /* RxBlocking in Frameworks */ = {isa = PBXBuildFile; productRef = 6CC5ACAB278D778D00CC778E /* RxBlocking */; };
		6CC5ACB0278D83AA00CC778E /* ProfileViewModelTests.swift in Sources */ = {isa = PBXBuildFile; fileRef = 6CC5ACAF278D83AA00CC778E /* ProfileViewModelTests.swift */; };
/* End PBXBuildFile section */

/* Begin PBXContainerItemProxy section */
		6C3ADCD0278B37A7000418EC /* PBXContainerItemProxy */ = {
			isa = PBXContainerItemProxy;
			containerPortal = 6C3ADCAE278B37A3000418EC /* Project object */;
			proxyType = 1;
			remoteGlobalIDString = 6C3ADCB5278B37A3000418EC;
			remoteInfo = SpoknAlbumTask;
		};
		6C3ADCDB278B37A7000418EC /* PBXContainerItemProxy */ = {
			isa = PBXContainerItemProxy;
			containerPortal = 6C3ADCAE278B37A3000418EC /* Project object */;
			proxyType = 1;
			remoteGlobalIDString = 6C3ADCB5278B37A3000418EC;
			remoteInfo = SpoknAlbumTask;
		};
/* End PBXContainerItemProxy section */

/* Begin PBXFileReference section */
		6C3ADCB6278B37A3000418EC /* SpoknAlbumTask.app */ = {isa = PBXFileReference; explicitFileType = wrapper.application; includeInIndex = 0; path = SpoknAlbumTask.app; sourceTree = BUILT_PRODUCTS_DIR; };
		6C3ADCB9278B37A3000418EC /* AppDelegate.swift */ = {isa = PBXFileReference; lastKnownFileType = sourcecode.swift; path = AppDelegate.swift; sourceTree = "<group>"; };
		6C3ADCBB278B37A3000418EC /* SceneDelegate.swift */ = {isa = PBXFileReference; lastKnownFileType = sourcecode.swift; path = SceneDelegate.swift; sourceTree = "<group>"; };
		6C3ADCC0278B37A3000418EC /* Base */ = {isa = PBXFileReference; lastKnownFileType = file.storyboard; name = Base; path = Base.lproj/Main.storyboard; sourceTree = "<group>"; };
		6C3ADCC3278B37A3000418EC /* SpoknAlbumTask.xcdatamodel */ = {isa = PBXFileReference; lastKnownFileType = wrapper.xcdatamodel; path = SpoknAlbumTask.xcdatamodel; sourceTree = "<group>"; };
		6C3ADCC5278B37A7000418EC /* Assets.xcassets */ = {isa = PBXFileReference; lastKnownFileType = folder.assetcatalog; path = Assets.xcassets; sourceTree = "<group>"; };
		6C3ADCC8278B37A7000418EC /* Base */ = {isa = PBXFileReference; lastKnownFileType = file.storyboard; name = Base; path = Base.lproj/LaunchScreen.storyboard; sourceTree = "<group>"; };
		6C3ADCCA278B37A7000418EC /* Info.plist */ = {isa = PBXFileReference; lastKnownFileType = text.plist.xml; path = Info.plist; sourceTree = "<group>"; };
		6C3ADCCF278B37A7000418EC /* SpoknAlbumTaskTests.xctest */ = {isa = PBXFileReference; explicitFileType = wrapper.cfbundle; includeInIndex = 0; path = SpoknAlbumTaskTests.xctest; sourceTree = BUILT_PRODUCTS_DIR; };
		6C3ADCD3278B37A7000418EC /* SpoknAlbumTaskTests.swift */ = {isa = PBXFileReference; lastKnownFileType = sourcecode.swift; path = SpoknAlbumTaskTests.swift; sourceTree = "<group>"; };
		6C3ADCD5278B37A7000418EC /* Info.plist */ = {isa = PBXFileReference; lastKnownFileType = text.plist.xml; path = Info.plist; sourceTree = "<group>"; };
		6C3ADCDA278B37A7000418EC /* SpoknAlbumTaskUITests.xctest */ = {isa = PBXFileReference; explicitFileType = wrapper.cfbundle; includeInIndex = 0; path = SpoknAlbumTaskUITests.xctest; sourceTree = BUILT_PRODUCTS_DIR; };
		6C3ADCDE278B37A7000418EC /* SpoknAlbumTaskUITests.swift */ = {isa = PBXFileReference; lastKnownFileType = sourcecode.swift; path = SpoknAlbumTaskUITests.swift; sourceTree = "<group>"; };
		6C3ADCE0278B37A7000418EC /* Info.plist */ = {isa = PBXFileReference; lastKnownFileType = text.plist.xml; path = Info.plist; sourceTree = "<group>"; };
		6C3ADD0D278B3B62000418EC /* JsonConverter.swift */ = {isa = PBXFileReference; lastKnownFileType = sourcecode.swift; path = JsonConverter.swift; sourceTree = "<group>"; };
		6C3ADD11278B3B8E000418EC /* ApiServices.swift */ = {isa = PBXFileReference; lastKnownFileType = sourcecode.swift; path = ApiServices.swift; sourceTree = "<group>"; };
		6C3ADD13278B3BCD000418EC /* ApiServicesExtension.swift */ = {isa = PBXFileReference; lastKnownFileType = sourcecode.swift; path = ApiServicesExtension.swift; sourceTree = "<group>"; };
		6C3ADD15278B3C1D000418EC /* ApiServicesProtocol.swift */ = {isa = PBXFileReference; lastKnownFileType = sourcecode.swift; path = ApiServicesProtocol.swift; sourceTree = "<group>"; };
		6C3ADD17278B3C5D000418EC /* UserModel.swift */ = {isa = PBXFileReference; lastKnownFileType = sourcecode.swift; path = UserModel.swift; sourceTree = "<group>"; };
		6C3ADD19278B3C69000418EC /* AlbumModel.swift */ = {isa = PBXFileReference; lastKnownFileType = sourcecode.swift; path = AlbumModel.swift; sourceTree = "<group>"; };
		6C3ADD1B278B3C77000418EC /* AlbumImage.swift */ = {isa = PBXFileReference; lastKnownFileType = sourcecode.swift; path = AlbumImage.swift; sourceTree = "<group>"; };
		6C3ADD1D278B3C86000418EC /* ProfileModel.swift */ = {isa = PBXFileReference; lastKnownFileType = sourcecode.swift; path = ProfileModel.swift; sourceTree = "<group>"; };
		6C3ADD1F278B3D6B000418EC /* NetworkManager.swift */ = {isa = PBXFileReference; lastKnownFileType = sourcecode.swift; path = NetworkManager.swift; sourceTree = "<group>"; };
		6C3ADD21278B3D9F000418EC /* ProfileViewModel.swift */ = {isa = PBXFileReference; lastKnownFileType = sourcecode.swift; path = ProfileViewModel.swift; sourceTree = "<group>"; };
		6C3ADD23278B3DCB000418EC /* ProfileViewController.swift */ = {isa = PBXFileReference; lastKnownFileType = sourcecode.swift; path = ProfileViewController.swift; sourceTree = "<group>"; };
		6C3ADD26278B3DF3000418EC /* AlbumTableViewCell.swift */ = {isa = PBXFileReference; lastKnownFileType = sourcecode.swift; path = AlbumTableViewCell.swift; sourceTree = "<group>"; };
		6C3ADD2A278B5B5E000418EC /* AlbumImageCollectionViewCell.swift */ = {isa = PBXFileReference; lastKnownFileType = sourcecode.swift; path = AlbumImageCollectionViewCell.swift; sourceTree = "<group>"; };
		6C3ADD2C278B5C63000418EC /* AlbumImageViewController.swift */ = {isa = PBXFileReference; lastKnownFileType = sourcecode.swift; path = AlbumImageViewController.swift; sourceTree = "<group>"; };
		6C3ADD2E278B5CBD000418EC /* AlbumImageViewModel.swift */ = {isa = PBXFileReference; lastKnownFileType = sourcecode.swift; path = AlbumImageViewModel.swift; sourceTree = "<group>"; };
		6C886CA4278E17CD00FEAA72 /* ImageViewerViewController.swift */ = {isa = PBXFileReference; lastKnownFileType = sourcecode.swift; path = ImageViewerViewController.swift; sourceTree = "<group>"; };
		6C886CA6278E21F300FEAA72 /* ExtensionImageViewerViewController.swift */ = {isa = PBXFileReference; lastKnownFileType = sourcecode.swift; path = ExtensionImageViewerViewController.swift; sourceTree = "<group>"; };
		6C886CAB278EF01800FEAA72 /* ExtensioProfileViewController.swift */ = {isa = PBXFileReference; lastKnownFileType = sourcecode.swift; path = ExtensioProfileViewController.swift; sourceTree = "<group>"; };
		6C886CAD278EF31000FEAA72 /* SkeltonAppearence.swift */ = {isa = PBXFileReference; lastKnownFileType = sourcecode.swift; path = SkeltonAppearence.swift; sourceTree = "<group>"; };
		6C886CAF278F42B600FEAA72 /* AlbumImageViewModelTests.swift */ = {isa = PBXFileReference; lastKnownFileType = sourcecode.swift; path = AlbumImageViewModelTests.swift; sourceTree = "<group>"; };
		6C886CC9278F5F4F00FEAA72 /* CustomError.swift */ = {isa = PBXFileReference; lastKnownFileType = sourcecode.swift; path = CustomError.swift; sourceTree = "<group>"; };
		6C886CCC2790122300FEAA72 /* AlertManager.swift */ = {isa = PBXFileReference; lastKnownFileType = sourcecode.swift; path = AlertManager.swift; sourceTree = "<group>"; };
		6CC5AC98278CBA6800CC778E /* ExtensionAlbumViewController.swift */ = {isa = PBXFileReference; lastKnownFileType = sourcecode.swift; path = ExtensionAlbumViewController.swift; sourceTree = "<group>"; };
		6CC5AC9D278D72BE00CC778E /* Users.json */ = {isa = PBXFileReference; lastKnownFileType = text.json; path = Users.json; sourceTree = "<group>"; };
		6CC5AC9F278D730800CC778E /* Albums.json */ = {isa = PBXFileReference; lastKnownFileType = text.json; path = Albums.json; sourceTree = "<group>"; };
		6CC5ACA1278D732300CC778E /* Images.json */ = {isa = PBXFileReference; lastKnownFileType = text.json; path = Images.json; sourceTree = "<group>"; };
		6CC5ACA4278D752700CC778E /* MockingNetworkManager.swift */ = {isa = PBXFileReference; lastKnownFileType = sourcecode.swift; path = MockingNetworkManager.swift; sourceTree = "<group>"; };
		6CC5ACAF278D83AA00CC778E /* ProfileViewModelTests.swift */ = {isa = PBXFileReference; lastKnownFileType = sourcecode.swift; path = ProfileViewModelTests.swift; sourceTree = "<group>"; };
/* End PBXFileReference section */

/* Begin PBXFrameworksBuildPhase section */
		6C3ADCB3278B37A3000418EC /* Frameworks */ = {
			isa = PBXFrameworksBuildPhase;
			buildActionMask = 2147483647;
			files = (
				6C3ADCFD278B394C000418EC /* RxMoya in Frameworks */,
				6C3ADCF4278B380D000418EC /* RxCocoa in Frameworks */,
				6C3ADCF9278B394C000418EC /* ReactiveMoya in Frameworks */,
				6C3ADCF2278B380D000418EC /* RxRelay in Frameworks */,
				6C3ADD04278B3A25000418EC /* Kingfisher in Frameworks */,
				6C3ADCFB278B394C000418EC /* CombineMoya in Frameworks */,
				6C3ADCFF278B394C000418EC /* Moya in Frameworks */,
				6C886CAA278E286100FEAA72 /* SkeletonView in Frameworks */,
				6C3ADCEE278B380D000418EC /* RxSwift in Frameworks */,
			);
			runOnlyForDeploymentPostprocessing = 0;
		};
		6C3ADCCC278B37A7000418EC /* Frameworks */ = {
			isa = PBXFrameworksBuildPhase;
			buildActionMask = 2147483647;
			files = (
				6C3ADCF0278B380D000418EC /* RxTest in Frameworks */,
				6CC5ACAC278D778D00CC778E /* RxBlocking in Frameworks */,
			);
			runOnlyForDeploymentPostprocessing = 0;
		};
		6C3ADCD7278B37A7000418EC /* Frameworks */ = {
			isa = PBXFrameworksBuildPhase;
			buildActionMask = 2147483647;
			files = (
			);
			runOnlyForDeploymentPostprocessing = 0;
		};
/* End PBXFrameworksBuildPhase section */

/* Begin PBXGroup section */
		6C3ADCAD278B37A3000418EC = {
			isa = PBXGroup;
			children = (
				6C3ADCB8278B37A3000418EC /* SpoknAlbumTask */,
				6C3ADCD2278B37A7000418EC /* SpoknAlbumTaskTests */,
				6C3ADCDD278B37A7000418EC /* SpoknAlbumTaskUITests */,
				6C3ADCB7278B37A3000418EC /* Products */,
				6CC5ACA6278D769300CC778E /* Frameworks */,
			);
			sourceTree = "<group>";
		};
		6C3ADCB7278B37A3000418EC /* Products */ = {
			isa = PBXGroup;
			children = (
				6C3ADCB6278B37A3000418EC /* SpoknAlbumTask.app */,
				6C3ADCCF278B37A7000418EC /* SpoknAlbumTaskTests.xctest */,
				6C3ADCDA278B37A7000418EC /* SpoknAlbumTaskUITests.xctest */,
			);
			name = Products;
			sourceTree = "<group>";
		};
		6C3ADCB8278B37A3000418EC /* SpoknAlbumTask */ = {
			isa = PBXGroup;
			children = (
				6C3ADCB9278B37A3000418EC /* AppDelegate.swift */,
				6C3ADCBB278B37A3000418EC /* SceneDelegate.swift */,
				6C3ADD0A278B3A81000418EC /* Commons */,
				6C3ADD09278B3A7D000418EC /* ApiService */,
				6C3ADD05278B3A5E000418EC /* Modules */,
				6CC5AC91278C2AE700CC778E /* View */,
				6CC5ACA3278D740600CC778E /* Stubs */,
				6C3ADCC5278B37A7000418EC /* Assets.xcassets */,
				6C3ADCC2278B37A3000418EC /* SpoknAlbumTask.xcdatamodeld */,
				6C3ADCCA278B37A7000418EC /* Info.plist */,
			);
			path = SpoknAlbumTask;
			sourceTree = "<group>";
		};
		6C3ADCD2278B37A7000418EC /* SpoknAlbumTaskTests */ = {
			isa = PBXGroup;
			children = (
				6CC5ACB1278DC3A500CC778E /* Mocks */,
				6C3ADCD3278B37A7000418EC /* SpoknAlbumTaskTests.swift */,
				6CC5ACAF278D83AA00CC778E /* ProfileViewModelTests.swift */,
				6C886CAF278F42B600FEAA72 /* AlbumImageViewModelTests.swift */,
				6C3ADCD5278B37A7000418EC /* Info.plist */,
			);
			path = SpoknAlbumTaskTests;
			sourceTree = "<group>";
		};
		6C3ADCDD278B37A7000418EC /* SpoknAlbumTaskUITests */ = {
			isa = PBXGroup;
			children = (
				6C3ADCDE278B37A7000418EC /* SpoknAlbumTaskUITests.swift */,
				6C3ADCE0278B37A7000418EC /* Info.plist */,
			);
			path = SpoknAlbumTaskUITests;
			sourceTree = "<group>";
		};
		6C3ADD05278B3A5E000418EC /* Modules */ = {
			isa = PBXGroup;
			children = (
				6C886CB1278F4E7200FEAA72 /* Profile */,
				6C886CB6278F4F8D00FEAA72 /* AlbumImage */,
				6C886CBD278F506700FEAA72 /* ImageViewer */,
			);
			path = Modules;
			sourceTree = "<group>";
		};
		6C3ADD09278B3A7D000418EC /* ApiService */ = {
			isa = PBXGroup;
			children = (
				6C3ADD11278B3B8E000418EC /* ApiServices.swift */,
				6C3ADD10278B3B78000418EC /* Protocol */,
				6C3ADD0F278B3B6F000418EC /* Extension */,
			);
			path = ApiService;
			sourceTree = "<group>";
		};
		6C3ADD0A278B3A81000418EC /* Commons */ = {
			isa = PBXGroup;
			children = (
				6C886CC0278F5B3A00FEAA72 /* Presentation */,
				6C886CBF278F5B3000FEAA72 /* Data */,
			);
			path = Commons;
			sourceTree = "<group>";
		};
		6C3ADD0F278B3B6F000418EC /* Extension */ = {
			isa = PBXGroup;
			children = (
				6C3ADD13278B3BCD000418EC /* ApiServicesExtension.swift */,
			);
			path = Extension;
			sourceTree = "<group>";
		};
		6C3ADD10278B3B78000418EC /* Protocol */ = {
			isa = PBXGroup;
			children = (
				6C3ADD15278B3C1D000418EC /* ApiServicesProtocol.swift */,
			);
			path = Protocol;
			sourceTree = "<group>";
		};
		6C886CB1278F4E7200FEAA72 /* Profile */ = {
			isa = PBXGroup;
			children = (
				6C886CB4278F4F3800FEAA72 /* Data */,
				6C886CB2278F4E8400FEAA72 /* Presentation */,
			);
			path = Profile;
			sourceTree = "<group>";
		};
		6C886CB2278F4E8400FEAA72 /* Presentation */ = {
			isa = PBXGroup;
			children = (
				6C886CB9278F4FD500FEAA72 /* Cells */,
				6C3ADD23278B3DCB000418EC /* ProfileViewController.swift */,
				6C3ADD21278B3D9F000418EC /* ProfileViewModel.swift */,
				6C886CB3278F4EC600FEAA72 /* Extension */,
			);
			path = Presentation;
			sourceTree = "<group>";
		};
		6C886CB3278F4EC600FEAA72 /* Extension */ = {
			isa = PBXGroup;
			children = (
				6C886CAB278EF01800FEAA72 /* ExtensioProfileViewController.swift */,
			);
			path = Extension;
			sourceTree = "<group>";
		};
		6C886CB4278F4F3800FEAA72 /* Data */ = {
			isa = PBXGroup;
			children = (
				6C886CB5278F4F4A00FEAA72 /* Model */,
			);
			path = Data;
			sourceTree = "<group>";
		};
		6C886CB5278F4F4A00FEAA72 /* Model */ = {
			isa = PBXGroup;
			children = (
				6C3ADD17278B3C5D000418EC /* UserModel.swift */,
				6C3ADD19278B3C69000418EC /* AlbumModel.swift */,
				6C3ADD1D278B3C86000418EC /* ProfileModel.swift */,
			);
			path = Model;
			sourceTree = "<group>";
		};
		6C886CB6278F4F8D00FEAA72 /* AlbumImage */ = {
			isa = PBXGroup;
			children = (
				6C886CBC278F501400FEAA72 /* Data */,
				6C886CB7278F4FA800FEAA72 /* Presentation */,
			);
			path = AlbumImage;
			sourceTree = "<group>";
		};
		6C886CB7278F4FA800FEAA72 /* Presentation */ = {
			isa = PBXGroup;
			children = (
				6C886CBA278F4FF000FEAA72 /* Cells */,
				6C3ADD2C278B5C63000418EC /* AlbumImageViewController.swift */,
				6C3ADD2E278B5CBD000418EC /* AlbumImageViewModel.swift */,
				6C886CB8278F4FB700FEAA72 /* Extension */,
			);
			path = Presentation;
			sourceTree = "<group>";
		};
		6C886CB8278F4FB700FEAA72 /* Extension */ = {
			isa = PBXGroup;
			children = (
				6CC5AC98278CBA6800CC778E /* ExtensionAlbumViewController.swift */,
			);
			path = Extension;
			sourceTree = "<group>";
		};
		6C886CB9278F4FD500FEAA72 /* Cells */ = {
			isa = PBXGroup;
			children = (
				6C3ADD26278B3DF3000418EC /* AlbumTableViewCell.swift */,
			);
			path = Cells;
			sourceTree = "<group>";
		};
		6C886CBA278F4FF000FEAA72 /* Cells */ = {
			isa = PBXGroup;
			children = (
				6C3ADD2A278B5B5E000418EC /* AlbumImageCollectionViewCell.swift */,
			);
			path = Cells;
			sourceTree = "<group>";
		};
		6C886CBC278F501400FEAA72 /* Data */ = {
			isa = PBXGroup;
			children = (
				6C886CCE2790516800FEAA72 /* Model */,
			);
			path = Data;
			sourceTree = "<group>";
		};
		6C886CBD278F506700FEAA72 /* ImageViewer */ = {
			isa = PBXGroup;
			children = (
				6C886CBE278F507C00FEAA72 /* Presentation */,
			);
			path = ImageViewer;
			sourceTree = "<group>";
		};
		6C886CBE278F507C00FEAA72 /* Presentation */ = {
			isa = PBXGroup;
			children = (
				6CC5AC95278CB94D00CC778E /* Extension */,
				6C886CA4278E17CD00FEAA72 /* ImageViewerViewController.swift */,
			);
			path = Presentation;
			sourceTree = "<group>";
		};
		6C886CBF278F5B3000FEAA72 /* Data */ = {
			isa = PBXGroup;
			children = (
				6C886CC3278F5BE200FEAA72 /* Utils */,
				6C886CC2278F5B9A00FEAA72 /* Remote */,
			);
			path = Data;
			sourceTree = "<group>";
		};
		6C886CC0278F5B3A00FEAA72 /* Presentation */ = {
			isa = PBXGroup;
			children = (
				6C886CC4278F5C6900FEAA72 /* Base */,
			);
			path = Presentation;
			sourceTree = "<group>";
		};
		6C886CC2278F5B9A00FEAA72 /* Remote */ = {
			isa = PBXGroup;
			children = (
				6C3ADD1F278B3D6B000418EC /* NetworkManager.swift */,
			);
			path = Remote;
			sourceTree = "<group>";
		};
		6C886CC3278F5BE200FEAA72 /* Utils */ = {
			isa = PBXGroup;
			children = (
				6C3ADD0D278B3B62000418EC /* JsonConverter.swift */,
			);
			path = Utils;
			sourceTree = "<group>";
		};
		6C886CC4278F5C6900FEAA72 /* Base */ = {
			isa = PBXGroup;
			children = (
				6C886CC9278F5F4F00FEAA72 /* CustomError.swift */,
				6C886CCC2790122300FEAA72 /* AlertManager.swift */,
				6C886CAD278EF31000FEAA72 /* SkeltonAppearence.swift */,
			);
			path = Base;
			sourceTree = "<group>";
		};
		6C886CCE2790516800FEAA72 /* Model */ = {
			isa = PBXGroup;
			children = (
				6C3ADD1B278B3C77000418EC /* AlbumImage.swift */,
			);
			path = Model;
			sourceTree = "<group>";
		};
		6CC5AC91278C2AE700CC778E /* View */ = {
			isa = PBXGroup;
			children = (
				6C3ADCC7278B37A7000418EC /* LaunchScreen.storyboard */,
				6C3ADCBF278B37A3000418EC /* Main.storyboard */,
			);
			path = View;
			sourceTree = "<group>";
		};
		6CC5AC95278CB94D00CC778E /* Extension */ = {
			isa = PBXGroup;
			children = (
				6C886CA6278E21F300FEAA72 /* ExtensionImageViewerViewController.swift */,
			);
			path = Extension;
			sourceTree = "<group>";
		};
		6CC5ACA3278D740600CC778E /* Stubs */ = {
			isa = PBXGroup;
			children = (
				6CC5AC9D278D72BE00CC778E /* Users.json */,
				6CC5AC9F278D730800CC778E /* Albums.json */,
				6CC5ACA1278D732300CC778E /* Images.json */,
			);
			path = Stubs;
			sourceTree = "<group>";
		};
		6CC5ACA6278D769300CC778E /* Frameworks */ = {
			isa = PBXGroup;
			children = (
			);
			name = Frameworks;
			sourceTree = "<group>";
		};
		6CC5ACB1278DC3A500CC778E /* Mocks */ = {
			isa = PBXGroup;
			children = (
				6CC5ACA4278D752700CC778E /* MockingNetworkManager.swift */,
			);
			path = Mocks;
			sourceTree = "<group>";
		};
/* End PBXGroup section */

/* Begin PBXNativeTarget section */
		6C3ADCB5278B37A3000418EC /* SpoknAlbumTask */ = {
			isa = PBXNativeTarget;
			buildConfigurationList = 6C3ADCE3278B37A7000418EC /* Build configuration list for PBXNativeTarget "SpoknAlbumTask" */;
			buildPhases = (
				6C3ADCB2278B37A3000418EC /* Sources */,
				6C3ADCB3278B37A3000418EC /* Frameworks */,
				6C3ADCB4278B37A3000418EC /* Resources */,
			);
			buildRules = (
			);
			dependencies = (
			);
			name = SpoknAlbumTask;
			packageProductDependencies = (
				6C3ADCED278B380D000418EC /* RxSwift */,
				6C3ADCF1278B380D000418EC /* RxRelay */,
				6C3ADCF3278B380D000418EC /* RxCocoa */,
				6C3ADCF8278B394C000418EC /* ReactiveMoya */,
				6C3ADCFA278B394C000418EC /* CombineMoya */,
				6C3ADCFC278B394C000418EC /* RxMoya */,
				6C3ADCFE278B394C000418EC /* Moya */,
				6C3ADD03278B3A25000418EC /* Kingfisher */,
				6C886CA9278E286100FEAA72 /* SkeletonView */,
			);
			productName = SpoknAlbumTask;
			productReference = 6C3ADCB6278B37A3000418EC /* SpoknAlbumTask.app */;
			productType = "com.apple.product-type.application";
		};
		6C3ADCCE278B37A7000418EC /* SpoknAlbumTaskTests */ = {
			isa = PBXNativeTarget;
			buildConfigurationList = 6C3ADCE6278B37A7000418EC /* Build configuration list for PBXNativeTarget "SpoknAlbumTaskTests" */;
			buildPhases = (
				6C3ADCCB278B37A7000418EC /* Sources */,
				6C3ADCCC278B37A7000418EC /* Frameworks */,
				6C3ADCCD278B37A7000418EC /* Resources */,
			);
			buildRules = (
			);
			dependencies = (
				6C3ADCD1278B37A7000418EC /* PBXTargetDependency */,
			);
			name = SpoknAlbumTaskTests;
			packageProductDependencies = (
				6C3ADCEF278B380D000418EC /* RxTest */,
				6CC5ACAB278D778D00CC778E /* RxBlocking */,
			);
			productName = SpoknAlbumTaskTests;
			productReference = 6C3ADCCF278B37A7000418EC /* SpoknAlbumTaskTests.xctest */;
			productType = "com.apple.product-type.bundle.unit-test";
		};
		6C3ADCD9278B37A7000418EC /* SpoknAlbumTaskUITests */ = {
			isa = PBXNativeTarget;
			buildConfigurationList = 6C3ADCE9278B37A7000418EC /* Build configuration list for PBXNativeTarget "SpoknAlbumTaskUITests" */;
			buildPhases = (
				6C3ADCD6278B37A7000418EC /* Sources */,
				6C3ADCD7278B37A7000418EC /* Frameworks */,
				6C3ADCD8278B37A7000418EC /* Resources */,
			);
			buildRules = (
			);
			dependencies = (
				6C3ADCDC278B37A7000418EC /* PBXTargetDependency */,
			);
			name = SpoknAlbumTaskUITests;
			productName = SpoknAlbumTaskUITests;
			productReference = 6C3ADCDA278B37A7000418EC /* SpoknAlbumTaskUITests.xctest */;
			productType = "com.apple.product-type.bundle.ui-testing";
		};
/* End PBXNativeTarget section */

/* Begin PBXProject section */
		6C3ADCAE278B37A3000418EC /* Project object */ = {
			isa = PBXProject;
			attributes = {
				LastSwiftUpdateCheck = 1250;
				LastUpgradeCheck = 1250;
				TargetAttributes = {
					6C3ADCB5278B37A3000418EC = {
						CreatedOnToolsVersion = 12.5.1;
					};
					6C3ADCCE278B37A7000418EC = {
						CreatedOnToolsVersion = 12.5.1;
						TestTargetID = 6C3ADCB5278B37A3000418EC;
					};
					6C3ADCD9278B37A7000418EC = {
						CreatedOnToolsVersion = 12.5.1;
						TestTargetID = 6C3ADCB5278B37A3000418EC;
					};
				};
			};
			buildConfigurationList = 6C3ADCB1278B37A3000418EC /* Build configuration list for PBXProject "SpoknAlbumTask" */;
			compatibilityVersion = "Xcode 9.3";
			developmentRegion = en;
			hasScannedForEncodings = 0;
			knownRegions = (
				en,
				Base,
			);
			mainGroup = 6C3ADCAD278B37A3000418EC;
			packageReferences = (
				6C3ADCEC278B380D000418EC /* XCRemoteSwiftPackageReference "RxSwift" */,
				6C3ADCF7278B394C000418EC /* XCRemoteSwiftPackageReference "Moya" */,
				6C3ADD02278B3A25000418EC /* XCRemoteSwiftPackageReference "Kingfisher" */,
				6C886CA8278E286100FEAA72 /* XCRemoteSwiftPackageReference "SkeletonView" */,
			);
			productRefGroup = 6C3ADCB7278B37A3000418EC /* Products */;
			projectDirPath = "";
			projectRoot = "";
			targets = (
				6C3ADCB5278B37A3000418EC /* SpoknAlbumTask */,
				6C3ADCCE278B37A7000418EC /* SpoknAlbumTaskTests */,
				6C3ADCD9278B37A7000418EC /* SpoknAlbumTaskUITests */,
			);
		};
/* End PBXProject section */

/* Begin PBXResourcesBuildPhase section */
		6C3ADCB4278B37A3000418EC /* Resources */ = {
			isa = PBXResourcesBuildPhase;
			buildActionMask = 2147483647;
			files = (
				6CC5AC9E278D72BE00CC778E /* Users.json in Resources */,
				6CC5ACA2278D732300CC778E /* Images.json in Resources */,
				6C3ADCC9278B37A7000418EC /* LaunchScreen.storyboard in Resources */,
				6CC5ACA0278D730800CC778E /* Albums.json in Resources */,
				6C3ADCC6278B37A7000418EC /* Assets.xcassets in Resources */,
				6C3ADCC1278B37A3000418EC /* Main.storyboard in Resources */,
			);
			runOnlyForDeploymentPostprocessing = 0;
		};
		6C3ADCCD278B37A7000418EC /* Resources */ = {
			isa = PBXResourcesBuildPhase;
			buildActionMask = 2147483647;
			files = (
			);
			runOnlyForDeploymentPostprocessing = 0;
		};
		6C3ADCD8278B37A7000418EC /* Resources */ = {
			isa = PBXResourcesBuildPhase;
			buildActionMask = 2147483647;
			files = (
			);
			runOnlyForDeploymentPostprocessing = 0;
		};
/* End PBXResourcesBuildPhase section */

/* Begin PBXSourcesBuildPhase section */
		6C3ADCB2278B37A3000418EC /* Sources */ = {
			isa = PBXSourcesBuildPhase;
			buildActionMask = 2147483647;
			files = (
				6C3ADD12278B3B8E000418EC /* ApiServices.swift in Sources */,
				6C886CCA278F5F4F00FEAA72 /* CustomError.swift in Sources */,
				6C3ADD1A278B3C69000418EC /* AlbumModel.swift in Sources */,
				6C3ADD14278B3BCD000418EC /* ApiServicesExtension.swift in Sources */,
				6C3ADD20278B3D6B000418EC /* NetworkManager.swift in Sources */,
				6C886CA7278E21F300FEAA72 /* ExtensionImageViewerViewController.swift in Sources */,
				6C886CCD2790122300FEAA72 /* AlertManager.swift in Sources */,
				6C3ADD2F278B5CBD000418EC /* AlbumImageViewModel.swift in Sources */,
				6C3ADD1E278B3C86000418EC /* ProfileModel.swift in Sources */,
				6C3ADD24278B3DCB000418EC /* ProfileViewController.swift in Sources */,
				6C886CAC278EF01800FEAA72 /* ExtensioProfileViewController.swift in Sources */,
				6C3ADD0E278B3B62000418EC /* JsonConverter.swift in Sources */,
				6C3ADD16278B3C1D000418EC /* ApiServicesProtocol.swift in Sources */,
				6C3ADD2D278B5C63000418EC /* AlbumImageViewController.swift in Sources */,
				6C3ADD2B278B5B5E000418EC /* AlbumImageCollectionViewCell.swift in Sources */,
				6C3ADCBA278B37A3000418EC /* AppDelegate.swift in Sources */,
				6C3ADD22278B3D9F000418EC /* ProfileViewModel.swift in Sources */,
				6CC5AC99278CBA6800CC778E /* ExtensionAlbumViewController.swift in Sources */,
				6C3ADCC4278B37A3000418EC /* SpoknAlbumTask.xcdatamodeld in Sources */,
				6C886CAE278EF31000FEAA72 /* SkeltonAppearence.swift in Sources */,
				6C3ADD1C278B3C77000418EC /* AlbumImage.swift in Sources */,
				6C3ADD18278B3C5D000418EC /* UserModel.swift in Sources */,
				6C3ADD27278B3DF3000418EC /* AlbumTableViewCell.swift in Sources */,
				6C886CA5278E17CD00FEAA72 /* ImageViewerViewController.swift in Sources */,
				6C3ADCBC278B37A3000418EC /* SceneDelegate.swift in Sources */,
			);
			runOnlyForDeploymentPostprocessing = 0;
		};
		6C3ADCCB278B37A7000418EC /* Sources */ = {
			isa = PBXSourcesBuildPhase;
			buildActionMask = 2147483647;
			files = (
				6C886CB0278F42B600FEAA72 /* AlbumImageViewModelTests.swift in Sources */,
				6C3ADCD4278B37A7000418EC /* SpoknAlbumTaskTests.swift in Sources */,
				6CC5ACA5278D752700CC778E /* MockingNetworkManager.swift in Sources */,
				6CC5ACB0278D83AA00CC778E /* ProfileViewModelTests.swift in Sources */,
			);
			runOnlyForDeploymentPostprocessing = 0;
		};
		6C3ADCD6278B37A7000418EC /* Sources */ = {
			isa = PBXSourcesBuildPhase;
			buildActionMask = 2147483647;
			files = (
				6C3ADCDF278B37A7000418EC /* SpoknAlbumTaskUITests.swift in Sources */,
			);
			runOnlyForDeploymentPostprocessing = 0;
		};
/* End PBXSourcesBuildPhase section */

/* Begin PBXTargetDependency section */
		6C3ADCD1278B37A7000418EC /* PBXTargetDependency */ = {
			isa = PBXTargetDependency;
			target = 6C3ADCB5278B37A3000418EC /* SpoknAlbumTask */;
			targetProxy = 6C3ADCD0278B37A7000418EC /* PBXContainerItemProxy */;
		};
		6C3ADCDC278B37A7000418EC /* PBXTargetDependency */ = {
			isa = PBXTargetDependency;
			target = 6C3ADCB5278B37A3000418EC /* SpoknAlbumTask */;
			targetProxy = 6C3ADCDB278B37A7000418EC /* PBXContainerItemProxy */;
		};
/* End PBXTargetDependency section */

/* Begin PBXVariantGroup section */
		6C3ADCBF278B37A3000418EC /* Main.storyboard */ = {
			isa = PBXVariantGroup;
			children = (
				6C3ADCC0278B37A3000418EC /* Base */,
			);
			name = Main.storyboard;
			sourceTree = "<group>";
		};
		6C3ADCC7278B37A7000418EC /* LaunchScreen.storyboard */ = {
			isa = PBXVariantGroup;
			children = (
				6C3ADCC8278B37A7000418EC /* Base */,
			);
			name = LaunchScreen.storyboard;
			sourceTree = "<group>";
		};
/* End PBXVariantGroup section */

/* Begin XCBuildConfiguration section */
		6C3ADCE1278B37A7000418EC /* Debug */ = {
			isa = XCBuildConfiguration;
			buildSettings = {
				ALWAYS_SEARCH_USER_PATHS = NO;
				CLANG_ANALYZER_NONNULL = YES;
				CLANG_ANALYZER_NUMBER_OBJECT_CONVERSION = YES_AGGRESSIVE;
				CLANG_CXX_LANGUAGE_STANDARD = "gnu++14";
				CLANG_CXX_LIBRARY = "libc++";
				CLANG_ENABLE_MODULES = YES;
				CLANG_ENABLE_OBJC_ARC = YES;
				CLANG_ENABLE_OBJC_WEAK = YES;
				CLANG_WARN_BLOCK_CAPTURE_AUTORELEASING = YES;
				CLANG_WARN_BOOL_CONVERSION = YES;
				CLANG_WARN_COMMA = YES;
				CLANG_WARN_CONSTANT_CONVERSION = YES;
				CLANG_WARN_DEPRECATED_OBJC_IMPLEMENTATIONS = YES;
				CLANG_WARN_DIRECT_OBJC_ISA_USAGE = YES_ERROR;
				CLANG_WARN_DOCUMENTATION_COMMENTS = YES;
				CLANG_WARN_EMPTY_BODY = YES;
				CLANG_WARN_ENUM_CONVERSION = YES;
				CLANG_WARN_INFINITE_RECURSION = YES;
				CLANG_WARN_INT_CONVERSION = YES;
				CLANG_WARN_NON_LITERAL_NULL_CONVERSION = YES;
				CLANG_WARN_OBJC_IMPLICIT_RETAIN_SELF = YES;
				CLANG_WARN_OBJC_LITERAL_CONVERSION = YES;
				CLANG_WARN_OBJC_ROOT_CLASS = YES_ERROR;
				CLANG_WARN_QUOTED_INCLUDE_IN_FRAMEWORK_HEADER = YES;
				CLANG_WARN_RANGE_LOOP_ANALYSIS = YES;
				CLANG_WARN_STRICT_PROTOTYPES = YES;
				CLANG_WARN_SUSPICIOUS_MOVE = YES;
				CLANG_WARN_UNGUARDED_AVAILABILITY = YES_AGGRESSIVE;
				CLANG_WARN_UNREACHABLE_CODE = YES;
				CLANG_WARN__DUPLICATE_METHOD_MATCH = YES;
				COPY_PHASE_STRIP = NO;
				DEBUG_INFORMATION_FORMAT = dwarf;
				ENABLE_STRICT_OBJC_MSGSEND = YES;
				ENABLE_TESTABILITY = YES;
				GCC_C_LANGUAGE_STANDARD = gnu11;
				GCC_DYNAMIC_NO_PIC = NO;
				GCC_NO_COMMON_BLOCKS = YES;
				GCC_OPTIMIZATION_LEVEL = 0;
				GCC_PREPROCESSOR_DEFINITIONS = (
					"DEBUG=1",
					"$(inherited)",
				);
				GCC_WARN_64_TO_32_BIT_CONVERSION = YES;
				GCC_WARN_ABOUT_RETURN_TYPE = YES_ERROR;
				GCC_WARN_UNDECLARED_SELECTOR = YES;
				GCC_WARN_UNINITIALIZED_AUTOS = YES_AGGRESSIVE;
				GCC_WARN_UNUSED_FUNCTION = YES;
				GCC_WARN_UNUSED_VARIABLE = YES;
				IPHONEOS_DEPLOYMENT_TARGET = 14.5;
				MTL_ENABLE_DEBUG_INFO = INCLUDE_SOURCE;
				MTL_FAST_MATH = YES;
				ONLY_ACTIVE_ARCH = YES;
				SDKROOT = iphoneos;
				SWIFT_ACTIVE_COMPILATION_CONDITIONS = DEBUG;
				SWIFT_OPTIMIZATION_LEVEL = "-Onone";
			};
			name = Debug;
		};
		6C3ADCE2278B37A7000418EC /* Release */ = {
			isa = XCBuildConfiguration;
			buildSettings = {
				ALWAYS_SEARCH_USER_PATHS = NO;
				CLANG_ANALYZER_NONNULL = YES;
				CLANG_ANALYZER_NUMBER_OBJECT_CONVERSION = YES_AGGRESSIVE;
				CLANG_CXX_LANGUAGE_STANDARD = "gnu++14";
				CLANG_CXX_LIBRARY = "libc++";
				CLANG_ENABLE_MODULES = YES;
				CLANG_ENABLE_OBJC_ARC = YES;
				CLANG_ENABLE_OBJC_WEAK = YES;
				CLANG_WARN_BLOCK_CAPTURE_AUTORELEASING = YES;
				CLANG_WARN_BOOL_CONVERSION = YES;
				CLANG_WARN_COMMA = YES;
				CLANG_WARN_CONSTANT_CONVERSION = YES;
				CLANG_WARN_DEPRECATED_OBJC_IMPLEMENTATIONS = YES;
				CLANG_WARN_DIRECT_OBJC_ISA_USAGE = YES_ERROR;
				CLANG_WARN_DOCUMENTATION_COMMENTS = YES;
				CLANG_WARN_EMPTY_BODY = YES;
				CLANG_WARN_ENUM_CONVERSION = YES;
				CLANG_WARN_INFINITE_RECURSION = YES;
				CLANG_WARN_INT_CONVERSION = YES;
				CLANG_WARN_NON_LITERAL_NULL_CONVERSION = YES;
				CLANG_WARN_OBJC_IMPLICIT_RETAIN_SELF = YES;
				CLANG_WARN_OBJC_LITERAL_CONVERSION = YES;
				CLANG_WARN_OBJC_ROOT_CLASS = YES_ERROR;
				CLANG_WARN_QUOTED_INCLUDE_IN_FRAMEWORK_HEADER = YES;
				CLANG_WARN_RANGE_LOOP_ANALYSIS = YES;
				CLANG_WARN_STRICT_PROTOTYPES = YES;
				CLANG_WARN_SUSPICIOUS_MOVE = YES;
				CLANG_WARN_UNGUARDED_AVAILABILITY = YES_AGGRESSIVE;
				CLANG_WARN_UNREACHABLE_CODE = YES;
				CLANG_WARN__DUPLICATE_METHOD_MATCH = YES;
				COPY_PHASE_STRIP = NO;
				DEBUG_INFORMATION_FORMAT = "dwarf-with-dsym";
				ENABLE_NS_ASSERTIONS = NO;
				ENABLE_STRICT_OBJC_MSGSEND = YES;
				GCC_C_LANGUAGE_STANDARD = gnu11;
				GCC_NO_COMMON_BLOCKS = YES;
				GCC_WARN_64_TO_32_BIT_CONVERSION = YES;
				GCC_WARN_ABOUT_RETURN_TYPE = YES_ERROR;
				GCC_WARN_UNDECLARED_SELECTOR = YES;
				GCC_WARN_UNINITIALIZED_AUTOS = YES_AGGRESSIVE;
				GCC_WARN_UNUSED_FUNCTION = YES;
				GCC_WARN_UNUSED_VARIABLE = YES;
				IPHONEOS_DEPLOYMENT_TARGET = 14.5;
				MTL_ENABLE_DEBUG_INFO = NO;
				MTL_FAST_MATH = YES;
				SDKROOT = iphoneos;
				SWIFT_COMPILATION_MODE = wholemodule;
				SWIFT_OPTIMIZATION_LEVEL = "-O";
				VALIDATE_PRODUCT = YES;
			};
			name = Release;
		};
		6C3ADCE4278B37A7000418EC /* Debug */ = {
			isa = XCBuildConfiguration;
			buildSettings = {
				ASSETCATALOG_COMPILER_APPICON_NAME = AppIcon;
				ASSETCATALOG_COMPILER_GLOBAL_ACCENT_COLOR_NAME = AccentColor;
				CODE_SIGN_STYLE = Automatic;
				INFOPLIST_FILE = SpoknAlbumTask/Info.plist;
				LD_RUNPATH_SEARCH_PATHS = (
					"$(inherited)",
					"@executable_path/Frameworks",
				);
				PRODUCT_BUNDLE_IDENTIFIER = com.optimalsoft.SpoknAlbumTask;
				PRODUCT_NAME = "$(TARGET_NAME)";
				SWIFT_VERSION = 5.0;
				TARGETED_DEVICE_FAMILY = "1,2";
			};
			name = Debug;
		};
		6C3ADCE5278B37A7000418EC /* Release */ = {
			isa = XCBuildConfiguration;
			buildSettings = {
				ASSETCATALOG_COMPILER_APPICON_NAME = AppIcon;
				ASSETCATALOG_COMPILER_GLOBAL_ACCENT_COLOR_NAME = AccentColor;
				CODE_SIGN_STYLE = Automatic;
				INFOPLIST_FILE = SpoknAlbumTask/Info.plist;
				LD_RUNPATH_SEARCH_PATHS = (
					"$(inherited)",
					"@executable_path/Frameworks",
				);
				PRODUCT_BUNDLE_IDENTIFIER = com.optimalsoft.SpoknAlbumTask;
				PRODUCT_NAME = "$(TARGET_NAME)";
				SWIFT_VERSION = 5.0;
				TARGETED_DEVICE_FAMILY = "1,2";
			};
			name = Release;
		};
		6C3ADCE7278B37A7000418EC /* Debug */ = {
			isa = XCBuildConfiguration;
			buildSettings = {
				ALWAYS_EMBED_SWIFT_STANDARD_LIBRARIES = YES;
				BUNDLE_LOADER = "$(TEST_HOST)";
				CODE_SIGN_STYLE = Automatic;
				INFOPLIST_FILE = SpoknAlbumTaskTests/Info.plist;
				IPHONEOS_DEPLOYMENT_TARGET = 14.5;
				LD_RUNPATH_SEARCH_PATHS = (
					"$(inherited)",
					"@executable_path/Frameworks",
					"@loader_path/Frameworks",
				);
				PRODUCT_BUNDLE_IDENTIFIER = com.optimalsoft.SpoknAlbumTaskTests;
				PRODUCT_NAME = "$(TARGET_NAME)";
				SWIFT_VERSION = 5.0;
				TARGETED_DEVICE_FAMILY = "1,2";
				TEST_HOST = "$(BUILT_PRODUCTS_DIR)/SpoknAlbumTask.app/SpoknAlbumTask";
			};
			name = Debug;
		};
		6C3ADCE8278B37A7000418EC /* Release */ = {
			isa = XCBuildConfiguration;
			buildSettings = {
				ALWAYS_EMBED_SWIFT_STANDARD_LIBRARIES = YES;
				BUNDLE_LOADER = "$(TEST_HOST)";
				CODE_SIGN_STYLE = Automatic;
				INFOPLIST_FILE = SpoknAlbumTaskTests/Info.plist;
				IPHONEOS_DEPLOYMENT_TARGET = 14.5;
				LD_RUNPATH_SEARCH_PATHS = (
					"$(inherited)",
					"@executable_path/Frameworks",
					"@loader_path/Frameworks",
				);
				PRODUCT_BUNDLE_IDENTIFIER = com.optimalsoft.SpoknAlbumTaskTests;
				PRODUCT_NAME = "$(TARGET_NAME)";
				SWIFT_VERSION = 5.0;
				TARGETED_DEVICE_FAMILY = "1,2";
				TEST_HOST = "$(BUILT_PRODUCTS_DIR)/SpoknAlbumTask.app/SpoknAlbumTask";
			};
			name = Release;
		};
		6C3ADCEA278B37A7000418EC /* Debug */ = {
			isa = XCBuildConfiguration;
			buildSettings = {
				ALWAYS_EMBED_SWIFT_STANDARD_LIBRARIES = YES;
				CODE_SIGN_STYLE = Automatic;
				INFOPLIST_FILE = SpoknAlbumTaskUITests/Info.plist;
				LD_RUNPATH_SEARCH_PATHS = (
					"$(inherited)",
					"@executable_path/Frameworks",
					"@loader_path/Frameworks",
				);
				PRODUCT_BUNDLE_IDENTIFIER = com.optimalsoft.SpoknAlbumTaskUITests;
				PRODUCT_NAME = "$(TARGET_NAME)";
				SWIFT_VERSION = 5.0;
				TARGETED_DEVICE_FAMILY = "1,2";
				TEST_TARGET_NAME = SpoknAlbumTask;
			};
			name = Debug;
		};
		6C3ADCEB278B37A7000418EC /* Release */ = {
			isa = XCBuildConfiguration;
			buildSettings = {
				ALWAYS_EMBED_SWIFT_STANDARD_LIBRARIES = YES;
				CODE_SIGN_STYLE = Automatic;
				INFOPLIST_FILE = SpoknAlbumTaskUITests/Info.plist;
				LD_RUNPATH_SEARCH_PATHS = (
					"$(inherited)",
					"@executable_path/Frameworks",
					"@loader_path/Frameworks",
				);
				PRODUCT_BUNDLE_IDENTIFIER = com.optimalsoft.SpoknAlbumTaskUITests;
				PRODUCT_NAME = "$(TARGET_NAME)";
				SWIFT_VERSION = 5.0;
				TARGETED_DEVICE_FAMILY = "1,2";
				TEST_TARGET_NAME = SpoknAlbumTask;
			};
			name = Release;
		};
/* End XCBuildConfiguration section */

/* Begin XCConfigurationList section */
		6C3ADCB1278B37A3000418EC /* Build configuration list for PBXProject "SpoknAlbumTask" */ = {
			isa = XCConfigurationList;
			buildConfigurations = (
				6C3ADCE1278B37A7000418EC /* Debug */,
				6C3ADCE2278B37A7000418EC /* Release */,
			);
			defaultConfigurationIsVisible = 0;
			defaultConfigurationName = Release;
		};
		6C3ADCE3278B37A7000418EC /* Build configuration list for PBXNativeTarget "SpoknAlbumTask" */ = {
			isa = XCConfigurationList;
			buildConfigurations = (
				6C3ADCE4278B37A7000418EC /* Debug */,
				6C3ADCE5278B37A7000418EC /* Release */,
			);
			defaultConfigurationIsVisible = 0;
			defaultConfigurationName = Release;
		};
		6C3ADCE6278B37A7000418EC /* Build configuration list for PBXNativeTarget "SpoknAlbumTaskTests" */ = {
			isa = XCConfigurationList;
			buildConfigurations = (
				6C3ADCE7278B37A7000418EC /* Debug */,
				6C3ADCE8278B37A7000418EC /* Release */,
			);
			defaultConfigurationIsVisible = 0;
			defaultConfigurationName = Release;
		};
		6C3ADCE9278B37A7000418EC /* Build configuration list for PBXNativeTarget "SpoknAlbumTaskUITests" */ = {
			isa = XCConfigurationList;
			buildConfigurations = (
				6C3ADCEA278B37A7000418EC /* Debug */,
				6C3ADCEB278B37A7000418EC /* Release */,
			);
			defaultConfigurationIsVisible = 0;
			defaultConfigurationName = Release;
		};
/* End XCConfigurationList section */

/* Begin XCRemoteSwiftPackageReference section */
		6C3ADCEC278B380D000418EC /* XCRemoteSwiftPackageReference "RxSwift" */ = {
			isa = XCRemoteSwiftPackageReference;
			repositoryURL = "https://github.com/ReactiveX/RxSwift";
			requirement = {
				kind = upToNextMajorVersion;
				minimumVersion = 6.2.0;
			};
		};
		6C3ADCF7278B394C000418EC /* XCRemoteSwiftPackageReference "Moya" */ = {
			isa = XCRemoteSwiftPackageReference;
			repositoryURL = "https://github.com/Moya/Moya";
			requirement = {
				kind = upToNextMajorVersion;
				minimumVersion = 15.0.0;
			};
		};
		6C3ADD02278B3A25000418EC /* XCRemoteSwiftPackageReference "Kingfisher" */ = {
			isa = XCRemoteSwiftPackageReference;
			repositoryURL = "https://github.com/onevcat/Kingfisher";
			requirement = {
				kind = upToNextMajorVersion;
				minimumVersion = 7.1.2;
			};
		};
		6C886CA8278E286100FEAA72 /* XCRemoteSwiftPackageReference "SkeletonView" */ = {
			isa = XCRemoteSwiftPackageReference;
			repositoryURL = "https://github.com/Juanpe/SkeletonView";
			requirement = {
				kind = upToNextMajorVersion;
				minimumVersion = 1.29.1;
			};
		};
/* End XCRemoteSwiftPackageReference section */

/* Begin XCSwiftPackageProductDependency section */
		6C3ADCED278B380D000418EC /* RxSwift */ = {
			isa = XCSwiftPackageProductDependency;
			package = 6C3ADCEC278B380D000418EC /* XCRemoteSwiftPackageReference "RxSwift" */;
			productName = RxSwift;
		};
		6C3ADCEF278B380D000418EC /* RxTest */ = {
			isa = XCSwiftPackageProductDependency;
			package = 6C3ADCEC278B380D000418EC /* XCRemoteSwiftPackageReference "RxSwift" */;
			productName = RxTest;
		};
		6C3ADCF1278B380D000418EC /* RxRelay */ = {
			isa = XCSwiftPackageProductDependency;
			package = 6C3ADCEC278B380D000418EC /* XCRemoteSwiftPackageReference "RxSwift" */;
			productName = RxRelay;
		};
		6C3ADCF3278B380D000418EC /* RxCocoa */ = {
			isa = XCSwiftPackageProductDependency;
			package = 6C3ADCEC278B380D000418EC /* XCRemoteSwiftPackageReference "RxSwift" */;
			productName = RxCocoa;
		};
		6C3ADCF8278B394C000418EC /* ReactiveMoya */ = {
			isa = XCSwiftPackageProductDependency;
			package = 6C3ADCF7278B394C000418EC /* XCRemoteSwiftPackageReference "Moya" */;
			productName = ReactiveMoya;
		};
		6C3ADCFA278B394C000418EC /* CombineMoya */ = {
			isa = XCSwiftPackageProductDependency;
			package = 6C3ADCF7278B394C000418EC /* XCRemoteSwiftPackageReference "Moya" */;
			productName = CombineMoya;
		};
		6C3ADCFC278B394C000418EC /* RxMoya */ = {
			isa = XCSwiftPackageProductDependency;
			package = 6C3ADCF7278B394C000418EC /* XCRemoteSwiftPackageReference "Moya" */;
			productName = RxMoya;
		};
		6C3ADCFE278B394C000418EC /* Moya */ = {
			isa = XCSwiftPackageProductDependency;
			package = 6C3ADCF7278B394C000418EC /* XCRemoteSwiftPackageReference "Moya" */;
			productName = Moya;
		};
		6C3ADD03278B3A25000418EC /* Kingfisher */ = {
			isa = XCSwiftPackageProductDependency;
			package = 6C3ADD02278B3A25000418EC /* XCRemoteSwiftPackageReference "Kingfisher" */;
			productName = Kingfisher;
		};
		6C886CA9278E286100FEAA72 /* SkeletonView */ = {
			isa = XCSwiftPackageProductDependency;
			package = 6C886CA8278E286100FEAA72 /* XCRemoteSwiftPackageReference "SkeletonView" */;
			productName = SkeletonView;
		};
		6CC5ACAB278D778D00CC778E /* RxBlocking */ = {
			isa = XCSwiftPackageProductDependency;
			package = 6C3ADCEC278B380D000418EC /* XCRemoteSwiftPackageReference "RxSwift" */;
			productName = RxBlocking;
		};
/* End XCSwiftPackageProductDependency section */

/* Begin XCVersionGroup section */
		6C3ADCC2278B37A3000418EC /* SpoknAlbumTask.xcdatamodeld */ = {
			isa = XCVersionGroup;
			children = (
				6C3ADCC3278B37A3000418EC /* SpoknAlbumTask.xcdatamodel */,
			);
			currentVersion = 6C3ADCC3278B37A3000418EC /* SpoknAlbumTask.xcdatamodel */;
			path = SpoknAlbumTask.xcdatamodeld;
			sourceTree = "<group>";
			versionGroupType = wrapper.xcdatamodel;
		};
/* End XCVersionGroup section */
	};
	rootObject = 6C3ADCAE278B37A3000418EC /* Project object */;
}
